// !$*UTF8*$!
{
	archiveVersion = 1;
	classes = {
	};
	objectVersion = 51;
	objects = {

/* Begin PBXBuildFile section */
		074782A1C8E6277CE1CBE546 /* Pods_ShopyTests.framework in Frameworks */ = {isa = PBXBuildFile; fileRef = 3B33C7D1FE68BC50FDE5402E /* Pods_ShopyTests.framework */; };
		25439C4C0A5EE7980C196ABD /* Pods_Shopy.framework in Frameworks */ = {isa = PBXBuildFile; fileRef = 30DE585536EF363BD795C169 /* Pods_Shopy.framework */; };
		2730288826714A24004273CF /* String+Extention.swift in Sources */ = {isa = PBXBuildFile; fileRef = 2730288726714A24004273CF /* String+Extention.swift */; };
		2730289126714BBD004273CF /* Localizable.strings in Resources */ = {isa = PBXBuildFile; fileRef = 2730289326714BBD004273CF /* Localizable.strings */; };
		273FF7D42660932400A37003 /* Register.swift in Sources */ = {isa = PBXBuildFile; fileRef = 273FF7D32660932400A37003 /* Register.swift */; };
		273FF7D926609D4300A37003 /* Login.swift in Sources */ = {isa = PBXBuildFile; fileRef = 273FF7D826609D4300A37003 /* Login.swift */; };
		273FF7DE2660A30300A37003 /* EntryNavigator.swift in Sources */ = {isa = PBXBuildFile; fileRef = 273FF7DD2660A30300A37003 /* EntryNavigator.swift */; };
		27465D9E26615720000FF0D0 /* DismissKeyboard.swift in Sources */ = {isa = PBXBuildFile; fileRef = 27465D9D26615720000FF0D0 /* DismissKeyboard.swift */; };
		2748ECC0266440F400A9DF42 /* EntryViewModel.swift in Sources */ = {isa = PBXBuildFile; fileRef = 2748ECBF266440F400A9DF42 /* EntryViewModel.swift */; };
		2748ECCC266465E800A9DF42 /* EmailValidationExtension.swift in Sources */ = {isa = PBXBuildFile; fileRef = 2748ECCB266465E800A9DF42 /* EmailValidationExtension.swift */; };
		274D374C266DA8D9002EF152 /* MeTapViewModel.swift in Sources */ = {isa = PBXBuildFile; fileRef = 274D374B266DA8D9002EF152 /* MeTapViewModel.swift */; };
		2759BB6926646F4100AF288D /* ProgressHudExt.swift in Sources */ = {isa = PBXBuildFile; fileRef = 2759BB6826646F4100AF288D /* ProgressHudExt.swift */; };
		2766A920266F5F3E0036F78C /* Order.swift in Sources */ = {isa = PBXBuildFile; fileRef = 2766A91F266F5F3E0036F78C /* Order.swift */; };
		2766A92F266F84A80036F78C /* OrderCell.swift in Sources */ = {isa = PBXBuildFile; fileRef = 2766A92D266F84A80036F78C /* OrderCell.swift */; };
		2766A930266F84A80036F78C /* OrderCell.xib in Resources */ = {isa = PBXBuildFile; fileRef = 2766A92E266F84A80036F78C /* OrderCell.xib */; };
		27723528266ABE58004B442D /* AddressVC.swift in Sources */ = {isa = PBXBuildFile; fileRef = 27723527266ABE58004B442D /* AddressVC.swift */; };
		277F3A99265D51A000C822D9 /* IRounded.swift in Sources */ = {isa = PBXBuildFile; fileRef = 277F3A98265D51A000C822D9 /* IRounded.swift */; };
		27B4E42B266AD6F9009A55EF /* UIUPdateAddressList.swift in Sources */ = {isa = PBXBuildFile; fileRef = 27B4E42A266AD6F9009A55EF /* UIUPdateAddressList.swift */; };
		27BBDF26265D36DC009A887D /* EntryPointVC.swift in Sources */ = {isa = PBXBuildFile; fileRef = 27BBDF25265D36DC009A887D /* EntryPointVC.swift */; };
		27C3A857266CAEAA00D16F84 /* MeVC.swift in Sources */ = {isa = PBXBuildFile; fileRef = 27C3A856266CAEAA00D16F84 /* MeVC.swift */; };
		27DDC4D3266BE1E6002E92A7 /* CustomCollection.swift in Sources */ = {isa = PBXBuildFile; fileRef = 27DDC4D2266BE1E6002E92A7 /* CustomCollection.swift */; };
		27DDC4DB266BE22C002E92A7 /* Product.swift in Sources */ = {isa = PBXBuildFile; fileRef = 27DDC4DA266BE22C002E92A7 /* Product.swift */; };
		27DDC4E7266BE263002E92A7 /* RegisterResponse.swift in Sources */ = {isa = PBXBuildFile; fileRef = 27DDC4E5266BE262002E92A7 /* RegisterResponse.swift */; };
		27DDC4E8266BE263002E92A7 /* Customer.swift in Sources */ = {isa = PBXBuildFile; fileRef = 27DDC4E6266BE262002E92A7 /* Customer.swift */; };
		27DDC4ED266BE275002E92A7 /* Products.swift in Sources */ = {isa = PBXBuildFile; fileRef = 27DDC4EC266BE275002E92A7 /* Products.swift */; };
		27DDC517266BE4D0002E92A7 /* Userdefaults.swift in Sources */ = {isa = PBXBuildFile; fileRef = 27DDC516266BE4D0002E92A7 /* Userdefaults.swift */; };
		9E14BDEF265D45BD000899B9 /* CategoryViewController.swift in Sources */ = {isa = PBXBuildFile; fileRef = 9E14BDEE265D45BD000899B9 /* CategoryViewController.swift */; };
		9E182D8526503E8100069E6E /* AppDelegate.swift in Sources */ = {isa = PBXBuildFile; fileRef = 9E182D8426503E8100069E6E /* AppDelegate.swift */; };
		9E182D8726503E8100069E6E /* SceneDelegate.swift in Sources */ = {isa = PBXBuildFile; fileRef = 9E182D8626503E8100069E6E /* SceneDelegate.swift */; };
		9E182D8C26503E8100069E6E /* Main.storyboard in Resources */ = {isa = PBXBuildFile; fileRef = 9E182D8A26503E8100069E6E /* Main.storyboard */; };
		9E182D8F26503E8100069E6E /* Shopy.xcdatamodeld in Sources */ = {isa = PBXBuildFile; fileRef = 9E182D8D26503E8100069E6E /* Shopy.xcdatamodeld */; };
		9E182D9126503E8300069E6E /* Assets.xcassets in Resources */ = {isa = PBXBuildFile; fileRef = 9E182D9026503E8300069E6E /* Assets.xcassets */; };
		9E182D9426503E8300069E6E /* LaunchScreen.storyboard in Resources */ = {isa = PBXBuildFile; fileRef = 9E182D9226503E8300069E6E /* LaunchScreen.storyboard */; };
		9E182D9F26503E8300069E6E /* ShopyTests.swift in Sources */ = {isa = PBXBuildFile; fileRef = 9E182D9E26503E8300069E6E /* ShopyTests.swift */; };
		9E182DAA26503E8300069E6E /* ShopyUITests.swift in Sources */ = {isa = PBXBuildFile; fileRef = 9E182DA926503E8300069E6E /* ShopyUITests.swift */; };
		9E567CCD266D695400AC11C1 /* NoInternetViewController.swift in Sources */ = {isa = PBXBuildFile; fileRef = 9E567CCC266D695400AC11C1 /* NoInternetViewController.swift */; };
		9E59BDDC26531C67003B113F /* GoogleService-Info.plist in Resources */ = {isa = PBXBuildFile; fileRef = 9E59BDDB26531C66003B113F /* GoogleService-Info.plist */; };
		9E6172E82667CA3200E93743 /* SearchCategoryViewController.swift in Sources */ = {isa = PBXBuildFile; fileRef = 9E6172E72667CA3200E93743 /* SearchCategoryViewController.swift */; };
		9E6172EB2667CBB900E93743 /* CategorySearchViewModel.swift in Sources */ = {isa = PBXBuildFile; fileRef = 9E6172EA2667CBB900E93743 /* CategorySearchViewModel.swift */; };
		9E686591266653D3007B0388 /* DetailedProductsModel.swift in Sources */ = {isa = PBXBuildFile; fileRef = 9E686590266653D3007B0388 /* DetailedProductsModel.swift */; };
		9E756A0C266431CB000B5D98 /* MainProductsCollectionViewCell.swift in Sources */ = {isa = PBXBuildFile; fileRef = 9E756A0A266431CB000B5D98 /* MainProductsCollectionViewCell.swift */; };
		9E756A0D266431CB000B5D98 /* MainProductsCollectionViewCell.xib in Resources */ = {isa = PBXBuildFile; fileRef = 9E756A0B266431CB000B5D98 /* MainProductsCollectionViewCell.xib */; };
		9E756A10266431EB000B5D98 /* SubCategoriesCollectionViewCell.swift in Sources */ = {isa = PBXBuildFile; fileRef = 9E756A0E266431EB000B5D98 /* SubCategoriesCollectionViewCell.swift */; };
		9E756A11266431EB000B5D98 /* SubCategoriesCollectionViewCell.xib in Resources */ = {isa = PBXBuildFile; fileRef = 9E756A0F266431EB000B5D98 /* SubCategoriesCollectionViewCell.xib */; };
		9E756A1426643208000B5D98 /* MainCategoriesCollectionViewCell.swift in Sources */ = {isa = PBXBuildFile; fileRef = 9E756A1226643208000B5D98 /* MainCategoriesCollectionViewCell.swift */; };
		9E756A1526643208000B5D98 /* MainCategoriesCollectionViewCell.xib in Resources */ = {isa = PBXBuildFile; fileRef = 9E756A1326643208000B5D98 /* MainCategoriesCollectionViewCell.xib */; };
		9E756A1926643A94000B5D98 /* CategoryViewModel.swift in Sources */ = {isa = PBXBuildFile; fileRef = 9E756A1826643A94000B5D98 /* CategoryViewModel.swift */; };
		9E756A1B26643B29000B5D98 /* CategoryContract.swift in Sources */ = {isa = PBXBuildFile; fileRef = 9E756A1A26643B29000B5D98 /* CategoryContract.swift */; };
		9E756A1D26644277000B5D98 /* Constants.swift in Sources */ = {isa = PBXBuildFile; fileRef = 9E756A1C26644277000B5D98 /* Constants.swift */; };
		9EAE574A2657114700BE44C2 /* URLs.swift in Sources */ = {isa = PBXBuildFile; fileRef = 9EAE57492657114700BE44C2 /* URLs.swift */; };
		9EAE574C2657118E00BE44C2 /* ShowIndecator.swift in Sources */ = {isa = PBXBuildFile; fileRef = 9EAE574B2657118E00BE44C2 /* ShowIndecator.swift */; };
		B4E41A22EA1A1774ECFA56DD /* Pods_Shopy_ShopyUITests.framework in Frameworks */ = {isa = PBXBuildFile; fileRef = 264E4FC7B77E696D0A2906DC /* Pods_Shopy_ShopyUITests.framework */; };
		CF08214A266DDC9C00064DB9 /* women.gif in Resources */ = {isa = PBXBuildFile; fileRef = CF082144266DDC9900064DB9 /* women.gif */; };
		CF08214B266DDC9C00064DB9 /* men.gif in Resources */ = {isa = PBXBuildFile; fileRef = CF082145266DDC9A00064DB9 /* men.gif */; };
		CF08214C266DDC9C00064DB9 /* kids2.gif in Resources */ = {isa = PBXBuildFile; fileRef = CF082146266DDC9A00064DB9 /* kids2.gif */; };
		CF08214D266DDC9C00064DB9 /* home.gif in Resources */ = {isa = PBXBuildFile; fileRef = CF082147266DDC9B00064DB9 /* home.gif */; };
		CF08214E266DDC9C00064DB9 /* kids.gif in Resources */ = {isa = PBXBuildFile; fileRef = CF082148266DDC9B00064DB9 /* kids.gif */; };
		CF08214F266DDC9C00064DB9 /* sale.gif in Resources */ = {isa = PBXBuildFile; fileRef = CF082149266DDC9C00064DB9 /* sale.gif */; };
		CF4797E62665D3D800B0A64D /* CollectionViewController+FlowLayout.swift in Sources */ = {isa = PBXBuildFile; fileRef = CF4797E52665D3D800B0A64D /* CollectionViewController+FlowLayout.swift */; };
		CF4798072665DC9900B0A64D /* AppCommon.swift in Sources */ = {isa = PBXBuildFile; fileRef = CF4798062665DC9900B0A64D /* AppCommon.swift */; };
		CF47987D2666CE9800B0A64D /* ProductDetailsViewController.swift in Sources */ = {isa = PBXBuildFile; fileRef = CF47987C2666CE9700B0A64D /* ProductDetailsViewController.swift */; };
		CF47988D2667D23300B0A64D /* SizesCollectionViewCell.swift in Sources */ = {isa = PBXBuildFile; fileRef = CF47988B2667D23100B0A64D /* SizesCollectionViewCell.swift */; };
		CF47988E2667D23300B0A64D /* SizesCollectionViewCell.xib in Resources */ = {isa = PBXBuildFile; fileRef = CF47988C2667D23100B0A64D /* SizesCollectionViewCell.xib */; };
		CF47989F2669471500B0A64D /* PriceRules.swift in Sources */ = {isa = PBXBuildFile; fileRef = CF47989E2669471300B0A64D /* PriceRules.swift */; };
		CF4798A42669497C00B0A64D /* DiscountCode.swift in Sources */ = {isa = PBXBuildFile; fileRef = CF4798A32669497B00B0A64D /* DiscountCode.swift */; };
		CF65719A2661966700C31614 /* CollectionViewController.swift in Sources */ = {isa = PBXBuildFile; fileRef = CF6571992661966700C31614 /* CollectionViewController.swift */; };
		CF6571A12661976100C31614 /* MenuCollectionViewCell.swift in Sources */ = {isa = PBXBuildFile; fileRef = CF65719F2661976100C31614 /* MenuCollectionViewCell.swift */; };
		CF6571A22661976100C31614 /* MenuCollectionViewCell.xib in Resources */ = {isa = PBXBuildFile; fileRef = CF6571A02661976100C31614 /* MenuCollectionViewCell.xib */; };
		CF6571A9266197D300C31614 /* ProductCollectionViewCell.swift in Sources */ = {isa = PBXBuildFile; fileRef = CF6571A7266197D200C31614 /* ProductCollectionViewCell.swift */; };
		CF6571AA266197D300C31614 /* ProductCollectionViewCell.xib in Resources */ = {isa = PBXBuildFile; fileRef = CF6571A8266197D300C31614 /* ProductCollectionViewCell.xib */; };
		CF78F3C32669B5C7005B9FE1 /* GifFile.swift in Sources */ = {isa = PBXBuildFile; fileRef = CF78F3C22669B5C6005B9FE1 /* GifFile.swift */; };
		CF78F3E32669C3A0005B9FE1 /* offer.gif in Resources */ = {isa = PBXBuildFile; fileRef = CF78F3E22669C39F005B9FE1 /* offer.gif */; };
		CF78F3F22669D018005B9FE1 /* offer0.gif in Resources */ = {isa = PBXBuildFile; fileRef = CF78F3F12669D016005B9FE1 /* offer0.gif */; };
		CF78F3F72669D03C005B9FE1 /* black.gif in Resources */ = {isa = PBXBuildFile; fileRef = CF78F3F62669D03C005B9FE1 /* black.gif */; };
		CF78F3FC2669D08C005B9FE1 /* specialoffers.gif in Resources */ = {isa = PBXBuildFile; fileRef = CF78F3FB2669D08C005B9FE1 /* specialoffers.gif */; };
		CF78F436266AE08A005B9FE1 /* ProductDetails+DelegateFlowLayout.swift in Sources */ = {isa = PBXBuildFile; fileRef = CF78F435266AE08A005B9FE1 /* ProductDetails+DelegateFlowLayout.swift */; };
		CFF7A3C426644C7B003D7987 /* HomeViewModel.swift in Sources */ = {isa = PBXBuildFile; fileRef = CFF7A3C326644C7B003D7987 /* HomeViewModel.swift */; };
		D2116C712669503F007892B7 /* FavouritesPersistenceManager.swift in Sources */ = {isa = PBXBuildFile; fileRef = D2116C702669503F007892B7 /* FavouritesPersistenceManager.swift */; };
		D2116C7626695B86007892B7 /* FavouriteProductsVC.swift in Sources */ = {isa = PBXBuildFile; fileRef = D2116C7426695B86007892B7 /* FavouriteProductsVC.swift */; };
		D2116C7726695B86007892B7 /* FavouriteProductsVC.xib in Resources */ = {isa = PBXBuildFile; fileRef = D2116C7526695B86007892B7 /* FavouriteProductsVC.xib */; };
		D2116C7A2669767B007892B7 /* FavouriteproductCVC.swift in Sources */ = {isa = PBXBuildFile; fileRef = D2116C782669767B007892B7 /* FavouriteproductCVC.swift */; };
		D2116C7B2669767B007892B7 /* FavouriteproductCVC.xib in Resources */ = {isa = PBXBuildFile; fileRef = D2116C792669767B007892B7 /* FavouriteproductCVC.xib */; };
		D21A3B12265BF58F0096553A /* RemoteDataSource.swift in Sources */ = {isa = PBXBuildFile; fileRef = D21A3B11265BF58F0096553A /* RemoteDataSource.swift */; };
		D2745A4826574E06005ABAF2 /* ErrorMessage.swift in Sources */ = {isa = PBXBuildFile; fileRef = D2745A4726574E06005ABAF2 /* ErrorMessage.swift */; };
		D2745A4F265751CC005ABAF2 /* ApiRequestWrapper.swift in Sources */ = {isa = PBXBuildFile; fileRef = D2745A4E265751CC005ABAF2 /* ApiRequestWrapper.swift */; };
		D2745A5126575255005ABAF2 /* ApiServices.swift in Sources */ = {isa = PBXBuildFile; fileRef = D2745A5026575255005ABAF2 /* ApiServices.swift */; };
		D2745A5326575420005ABAF2 /* RemoteDataSourceWrapper.swift in Sources */ = {isa = PBXBuildFile; fileRef = D2745A5226575420005ABAF2 /* RemoteDataSourceWrapper.swift */; };
		D2CA0EB5266BBE90005AB72D /* BagCollectionViewCell.swift in Sources */ = {isa = PBXBuildFile; fileRef = D2CA0EB3266BBE90005AB72D /* BagCollectionViewCell.swift */; };
		D2CA0EB6266BBE90005AB72D /* BagCollectionViewCell.xib in Resources */ = {isa = PBXBuildFile; fileRef = D2CA0EB4266BBE90005AB72D /* BagCollectionViewCell.xib */; };
		D2CA0EB9266BBEC3005AB72D /* BagViewController.swift in Sources */ = {isa = PBXBuildFile; fileRef = D2CA0EB7266BBEC3005AB72D /* BagViewController.swift */; };
		D2CA0EBA266BBEC3005AB72D /* BagViewController.xib in Resources */ = {isa = PBXBuildFile; fileRef = D2CA0EB8266BBEC3005AB72D /* BagViewController.xib */; };
		D2CA0EBC266BC4BD005AB72D /* BagPersistenceManager.swift in Sources */ = {isa = PBXBuildFile; fileRef = D2CA0EBB266BC4BD005AB72D /* BagPersistenceManager.swift */; };
		D2CA0F242670AFFD005AB72D /* SettingsVC.swift in Sources */ = {isa = PBXBuildFile; fileRef = D2CA0F222670AFFD005AB72D /* SettingsVC.swift */; };
		D2CA0F252670AFFD005AB72D /* SettingsVC.xib in Resources */ = {isa = PBXBuildFile; fileRef = D2CA0F232670AFFD005AB72D /* SettingsVC.xib */; };
		D2CA0F292670B81D005AB72D /* SettingsTableViewCell.swift in Sources */ = {isa = PBXBuildFile; fileRef = D2CA0F272670B81D005AB72D /* SettingsTableViewCell.swift */; };
		D2CA0F2A2670B81D005AB72D /* SettingsTableViewCell.xib in Resources */ = {isa = PBXBuildFile; fileRef = D2CA0F282670B81D005AB72D /* SettingsTableViewCell.xib */; };
/* End PBXBuildFile section */

/* Begin PBXContainerItemProxy section */
		9E182D9B26503E8300069E6E /* PBXContainerItemProxy */ = {
			isa = PBXContainerItemProxy;
			containerPortal = 9E182D7926503E8000069E6E /* Project object */;
			proxyType = 1;
			remoteGlobalIDString = 9E182D8026503E8100069E6E;
			remoteInfo = Shopy;
		};
		9E182DA626503E8300069E6E /* PBXContainerItemProxy */ = {
			isa = PBXContainerItemProxy;
			containerPortal = 9E182D7926503E8000069E6E /* Project object */;
			proxyType = 1;
			remoteGlobalIDString = 9E182D8026503E8100069E6E;
			remoteInfo = Shopy;
		};
/* End PBXContainerItemProxy section */

/* Begin PBXFileReference section */
		0B13707064EE8F01FB88405D /* Pods-ShopyTests.debug.xcconfig */ = {isa = PBXFileReference; includeInIndex = 1; lastKnownFileType = text.xcconfig; name = "Pods-ShopyTests.debug.xcconfig"; path = "Target Support Files/Pods-ShopyTests/Pods-ShopyTests.debug.xcconfig"; sourceTree = "<group>"; };
		264E4FC7B77E696D0A2906DC /* Pods_Shopy_ShopyUITests.framework */ = {isa = PBXFileReference; explicitFileType = wrapper.framework; includeInIndex = 0; path = Pods_Shopy_ShopyUITests.framework; sourceTree = BUILT_PRODUCTS_DIR; };
		2730287F267148F4004273CF /* ar */ = {isa = PBXFileReference; lastKnownFileType = text.plist.strings; name = ar; path = ar.lproj/Main.strings; sourceTree = "<group>"; };
		27302883267148F4004273CF /* ar */ = {isa = PBXFileReference; lastKnownFileType = text.plist.strings; name = ar; path = ar.lproj/LaunchScreen.strings; sourceTree = "<group>"; };
		2730288726714A24004273CF /* String+Extention.swift */ = {isa = PBXFileReference; lastKnownFileType = sourcecode.swift; path = "String+Extention.swift"; sourceTree = "<group>"; };
		2730289226714BBD004273CF /* en */ = {isa = PBXFileReference; lastKnownFileType = text.plist.strings; name = en; path = en.lproj/Localizable.strings; sourceTree = "<group>"; };
		2730289726714BC8004273CF /* ar */ = {isa = PBXFileReference; lastKnownFileType = text.plist.strings; name = ar; path = ar.lproj/Localizable.strings; sourceTree = "<group>"; };
		273FF7D32660932400A37003 /* Register.swift */ = {isa = PBXFileReference; lastKnownFileType = sourcecode.swift; path = Register.swift; sourceTree = "<group>"; };
		273FF7D826609D4300A37003 /* Login.swift */ = {isa = PBXFileReference; lastKnownFileType = sourcecode.swift; path = Login.swift; sourceTree = "<group>"; };
		273FF7DD2660A30300A37003 /* EntryNavigator.swift */ = {isa = PBXFileReference; lastKnownFileType = sourcecode.swift; path = EntryNavigator.swift; sourceTree = "<group>"; };
		27465D9D26615720000FF0D0 /* DismissKeyboard.swift */ = {isa = PBXFileReference; lastKnownFileType = sourcecode.swift; path = DismissKeyboard.swift; sourceTree = "<group>"; };
		2748ECBF266440F400A9DF42 /* EntryViewModel.swift */ = {isa = PBXFileReference; lastKnownFileType = sourcecode.swift; path = EntryViewModel.swift; sourceTree = "<group>"; };
		2748ECCB266465E800A9DF42 /* EmailValidationExtension.swift */ = {isa = PBXFileReference; lastKnownFileType = sourcecode.swift; path = EmailValidationExtension.swift; sourceTree = "<group>"; };
		274D374B266DA8D9002EF152 /* MeTapViewModel.swift */ = {isa = PBXFileReference; lastKnownFileType = sourcecode.swift; path = MeTapViewModel.swift; sourceTree = "<group>"; };
		2759BB6826646F4100AF288D /* ProgressHudExt.swift */ = {isa = PBXFileReference; lastKnownFileType = sourcecode.swift; path = ProgressHudExt.swift; sourceTree = "<group>"; };
		2766A91F266F5F3E0036F78C /* Order.swift */ = {isa = PBXFileReference; lastKnownFileType = sourcecode.swift; path = Order.swift; sourceTree = "<group>"; };
		2766A92D266F84A80036F78C /* OrderCell.swift */ = {isa = PBXFileReference; lastKnownFileType = sourcecode.swift; path = OrderCell.swift; sourceTree = "<group>"; };
		2766A92E266F84A80036F78C /* OrderCell.xib */ = {isa = PBXFileReference; lastKnownFileType = file.xib; path = OrderCell.xib; sourceTree = "<group>"; };
		27723527266ABE58004B442D /* AddressVC.swift */ = {isa = PBXFileReference; lastKnownFileType = sourcecode.swift; path = AddressVC.swift; sourceTree = "<group>"; };
		277F3A98265D51A000C822D9 /* IRounded.swift */ = {isa = PBXFileReference; lastKnownFileType = sourcecode.swift; path = IRounded.swift; sourceTree = "<group>"; };
		27B4E42A266AD6F9009A55EF /* UIUPdateAddressList.swift */ = {isa = PBXFileReference; lastKnownFileType = sourcecode.swift; path = UIUPdateAddressList.swift; sourceTree = "<group>"; };
		27BBDF25265D36DC009A887D /* EntryPointVC.swift */ = {isa = PBXFileReference; lastKnownFileType = sourcecode.swift; path = EntryPointVC.swift; sourceTree = "<group>"; };
		27C3A856266CAEAA00D16F84 /* MeVC.swift */ = {isa = PBXFileReference; lastKnownFileType = sourcecode.swift; path = MeVC.swift; sourceTree = "<group>"; };
		27DDC4D2266BE1E6002E92A7 /* CustomCollection.swift */ = {isa = PBXFileReference; fileEncoding = 4; lastKnownFileType = sourcecode.swift; path = CustomCollection.swift; sourceTree = "<group>"; };
		27DDC4DA266BE22C002E92A7 /* Product.swift */ = {isa = PBXFileReference; fileEncoding = 4; lastKnownFileType = sourcecode.swift; path = Product.swift; sourceTree = "<group>"; };
		27DDC4E5266BE262002E92A7 /* RegisterResponse.swift */ = {isa = PBXFileReference; fileEncoding = 4; lastKnownFileType = sourcecode.swift; path = RegisterResponse.swift; sourceTree = "<group>"; };
		27DDC4E6266BE262002E92A7 /* Customer.swift */ = {isa = PBXFileReference; fileEncoding = 4; lastKnownFileType = sourcecode.swift; path = Customer.swift; sourceTree = "<group>"; };
		27DDC4EC266BE275002E92A7 /* Products.swift */ = {isa = PBXFileReference; fileEncoding = 4; lastKnownFileType = sourcecode.swift; path = Products.swift; sourceTree = "<group>"; };
		27DDC516266BE4D0002E92A7 /* Userdefaults.swift */ = {isa = PBXFileReference; lastKnownFileType = sourcecode.swift; path = Userdefaults.swift; sourceTree = "<group>"; };
		30DE585536EF363BD795C169 /* Pods_Shopy.framework */ = {isa = PBXFileReference; explicitFileType = wrapper.framework; includeInIndex = 0; path = Pods_Shopy.framework; sourceTree = BUILT_PRODUCTS_DIR; };
		3B33C7D1FE68BC50FDE5402E /* Pods_ShopyTests.framework */ = {isa = PBXFileReference; explicitFileType = wrapper.framework; includeInIndex = 0; path = Pods_ShopyTests.framework; sourceTree = BUILT_PRODUCTS_DIR; };
		4920382F047EDE4839325372 /* Pods-Shopy.release.xcconfig */ = {isa = PBXFileReference; includeInIndex = 1; lastKnownFileType = text.xcconfig; name = "Pods-Shopy.release.xcconfig"; path = "Target Support Files/Pods-Shopy/Pods-Shopy.release.xcconfig"; sourceTree = "<group>"; };
		552882C4F227945A1C41820E /* Pods-ShopyTests.release.xcconfig */ = {isa = PBXFileReference; includeInIndex = 1; lastKnownFileType = text.xcconfig; name = "Pods-ShopyTests.release.xcconfig"; path = "Target Support Files/Pods-ShopyTests/Pods-ShopyTests.release.xcconfig"; sourceTree = "<group>"; };
		9E14BDEE265D45BD000899B9 /* CategoryViewController.swift */ = {isa = PBXFileReference; lastKnownFileType = sourcecode.swift; path = CategoryViewController.swift; sourceTree = "<group>"; };
		9E182D8126503E8100069E6E /* Shopy.app */ = {isa = PBXFileReference; explicitFileType = wrapper.application; includeInIndex = 0; path = Shopy.app; sourceTree = BUILT_PRODUCTS_DIR; };
		9E182D8426503E8100069E6E /* AppDelegate.swift */ = {isa = PBXFileReference; lastKnownFileType = sourcecode.swift; path = AppDelegate.swift; sourceTree = "<group>"; };
		9E182D8626503E8100069E6E /* SceneDelegate.swift */ = {isa = PBXFileReference; lastKnownFileType = sourcecode.swift; path = SceneDelegate.swift; sourceTree = "<group>"; };
		9E182D8B26503E8100069E6E /* Base */ = {isa = PBXFileReference; lastKnownFileType = file.storyboard; name = Base; path = Base.lproj/Main.storyboard; sourceTree = "<group>"; };
		9E182D8E26503E8100069E6E /* Shopy.xcdatamodel */ = {isa = PBXFileReference; lastKnownFileType = wrapper.xcdatamodel; path = Shopy.xcdatamodel; sourceTree = "<group>"; };
		9E182D9026503E8300069E6E /* Assets.xcassets */ = {isa = PBXFileReference; lastKnownFileType = folder.assetcatalog; path = Assets.xcassets; sourceTree = "<group>"; };
		9E182D9326503E8300069E6E /* Base */ = {isa = PBXFileReference; lastKnownFileType = file.storyboard; name = Base; path = Base.lproj/LaunchScreen.storyboard; sourceTree = "<group>"; };
		9E182D9526503E8300069E6E /* Info.plist */ = {isa = PBXFileReference; lastKnownFileType = text.plist.xml; path = Info.plist; sourceTree = "<group>"; };
		9E182D9A26503E8300069E6E /* ShopyTests.xctest */ = {isa = PBXFileReference; explicitFileType = wrapper.cfbundle; includeInIndex = 0; path = ShopyTests.xctest; sourceTree = BUILT_PRODUCTS_DIR; };
		9E182D9E26503E8300069E6E /* ShopyTests.swift */ = {isa = PBXFileReference; lastKnownFileType = sourcecode.swift; path = ShopyTests.swift; sourceTree = "<group>"; };
		9E182DA026503E8300069E6E /* Info.plist */ = {isa = PBXFileReference; lastKnownFileType = text.plist.xml; path = Info.plist; sourceTree = "<group>"; };
		9E182DA526503E8300069E6E /* ShopyUITests.xctest */ = {isa = PBXFileReference; explicitFileType = wrapper.cfbundle; includeInIndex = 0; path = ShopyUITests.xctest; sourceTree = BUILT_PRODUCTS_DIR; };
		9E182DA926503E8300069E6E /* ShopyUITests.swift */ = {isa = PBXFileReference; lastKnownFileType = sourcecode.swift; path = ShopyUITests.swift; sourceTree = "<group>"; };
		9E182DAB26503E8300069E6E /* Info.plist */ = {isa = PBXFileReference; lastKnownFileType = text.plist.xml; path = Info.plist; sourceTree = "<group>"; };
		9E567CCC266D695400AC11C1 /* NoInternetViewController.swift */ = {isa = PBXFileReference; lastKnownFileType = sourcecode.swift; path = NoInternetViewController.swift; sourceTree = "<group>"; };
		9E59BDDB26531C66003B113F /* GoogleService-Info.plist */ = {isa = PBXFileReference; fileEncoding = 4; lastKnownFileType = text.plist.xml; path = "GoogleService-Info.plist"; sourceTree = "<group>"; };
		9E6172E72667CA3200E93743 /* SearchCategoryViewController.swift */ = {isa = PBXFileReference; lastKnownFileType = sourcecode.swift; path = SearchCategoryViewController.swift; sourceTree = "<group>"; };
		9E6172EA2667CBB900E93743 /* CategorySearchViewModel.swift */ = {isa = PBXFileReference; lastKnownFileType = sourcecode.swift; path = CategorySearchViewModel.swift; sourceTree = "<group>"; };
		9E686590266653D3007B0388 /* DetailedProductsModel.swift */ = {isa = PBXFileReference; lastKnownFileType = sourcecode.swift; path = DetailedProductsModel.swift; sourceTree = "<group>"; };
		9E756A0A266431CB000B5D98 /* MainProductsCollectionViewCell.swift */ = {isa = PBXFileReference; lastKnownFileType = sourcecode.swift; path = MainProductsCollectionViewCell.swift; sourceTree = "<group>"; };
		9E756A0B266431CB000B5D98 /* MainProductsCollectionViewCell.xib */ = {isa = PBXFileReference; lastKnownFileType = file.xib; path = MainProductsCollectionViewCell.xib; sourceTree = "<group>"; };
		9E756A0E266431EB000B5D98 /* SubCategoriesCollectionViewCell.swift */ = {isa = PBXFileReference; lastKnownFileType = sourcecode.swift; path = SubCategoriesCollectionViewCell.swift; sourceTree = "<group>"; };
		9E756A0F266431EB000B5D98 /* SubCategoriesCollectionViewCell.xib */ = {isa = PBXFileReference; lastKnownFileType = file.xib; path = SubCategoriesCollectionViewCell.xib; sourceTree = "<group>"; };
		9E756A1226643208000B5D98 /* MainCategoriesCollectionViewCell.swift */ = {isa = PBXFileReference; lastKnownFileType = sourcecode.swift; path = MainCategoriesCollectionViewCell.swift; sourceTree = "<group>"; };
		9E756A1326643208000B5D98 /* MainCategoriesCollectionViewCell.xib */ = {isa = PBXFileReference; lastKnownFileType = file.xib; path = MainCategoriesCollectionViewCell.xib; sourceTree = "<group>"; };
		9E756A1826643A94000B5D98 /* CategoryViewModel.swift */ = {isa = PBXFileReference; lastKnownFileType = sourcecode.swift; path = CategoryViewModel.swift; sourceTree = "<group>"; };
		9E756A1A26643B29000B5D98 /* CategoryContract.swift */ = {isa = PBXFileReference; lastKnownFileType = sourcecode.swift; path = CategoryContract.swift; sourceTree = "<group>"; };
		9E756A1C26644277000B5D98 /* Constants.swift */ = {isa = PBXFileReference; lastKnownFileType = sourcecode.swift; path = Constants.swift; sourceTree = "<group>"; };
		9EAE57492657114700BE44C2 /* URLs.swift */ = {isa = PBXFileReference; lastKnownFileType = sourcecode.swift; path = URLs.swift; sourceTree = "<group>"; };
		9EAE574B2657118E00BE44C2 /* ShowIndecator.swift */ = {isa = PBXFileReference; lastKnownFileType = sourcecode.swift; path = ShowIndecator.swift; sourceTree = "<group>"; };
		A3CABA92B1A37A7896D62DF3 /* Pods-Shopy.debug.xcconfig */ = {isa = PBXFileReference; includeInIndex = 1; lastKnownFileType = text.xcconfig; name = "Pods-Shopy.debug.xcconfig"; path = "Target Support Files/Pods-Shopy/Pods-Shopy.debug.xcconfig"; sourceTree = "<group>"; };
		B42953B933926FFD4773FB7A /* Pods-Shopy-ShopyUITests.release.xcconfig */ = {isa = PBXFileReference; includeInIndex = 1; lastKnownFileType = text.xcconfig; name = "Pods-Shopy-ShopyUITests.release.xcconfig"; path = "Target Support Files/Pods-Shopy-ShopyUITests/Pods-Shopy-ShopyUITests.release.xcconfig"; sourceTree = "<group>"; };
		CF082144266DDC9900064DB9 /* women.gif */ = {isa = PBXFileReference; lastKnownFileType = image.gif; path = women.gif; sourceTree = "<group>"; };
		CF082145266DDC9A00064DB9 /* men.gif */ = {isa = PBXFileReference; lastKnownFileType = image.gif; path = men.gif; sourceTree = "<group>"; };
		CF082146266DDC9A00064DB9 /* kids2.gif */ = {isa = PBXFileReference; lastKnownFileType = image.gif; path = kids2.gif; sourceTree = "<group>"; };
		CF082147266DDC9B00064DB9 /* home.gif */ = {isa = PBXFileReference; lastKnownFileType = image.gif; path = home.gif; sourceTree = "<group>"; };
		CF082148266DDC9B00064DB9 /* kids.gif */ = {isa = PBXFileReference; lastKnownFileType = image.gif; path = kids.gif; sourceTree = "<group>"; };
		CF082149266DDC9C00064DB9 /* sale.gif */ = {isa = PBXFileReference; lastKnownFileType = image.gif; path = sale.gif; sourceTree = "<group>"; };
		CF4797E52665D3D800B0A64D /* CollectionViewController+FlowLayout.swift */ = {isa = PBXFileReference; lastKnownFileType = sourcecode.swift; path = "CollectionViewController+FlowLayout.swift"; sourceTree = "<group>"; };
		CF4798062665DC9900B0A64D /* AppCommon.swift */ = {isa = PBXFileReference; lastKnownFileType = sourcecode.swift; path = AppCommon.swift; sourceTree = "<group>"; };
		CF47987C2666CE9700B0A64D /* ProductDetailsViewController.swift */ = {isa = PBXFileReference; lastKnownFileType = sourcecode.swift; path = ProductDetailsViewController.swift; sourceTree = "<group>"; };
		CF47988B2667D23100B0A64D /* SizesCollectionViewCell.swift */ = {isa = PBXFileReference; lastKnownFileType = sourcecode.swift; path = SizesCollectionViewCell.swift; sourceTree = "<group>"; };
		CF47988C2667D23100B0A64D /* SizesCollectionViewCell.xib */ = {isa = PBXFileReference; lastKnownFileType = file.xib; path = SizesCollectionViewCell.xib; sourceTree = "<group>"; };
		CF47989E2669471300B0A64D /* PriceRules.swift */ = {isa = PBXFileReference; lastKnownFileType = sourcecode.swift; path = PriceRules.swift; sourceTree = "<group>"; };
		CF4798A32669497B00B0A64D /* DiscountCode.swift */ = {isa = PBXFileReference; lastKnownFileType = sourcecode.swift; path = DiscountCode.swift; sourceTree = "<group>"; };
		CF6571992661966700C31614 /* CollectionViewController.swift */ = {isa = PBXFileReference; lastKnownFileType = sourcecode.swift; path = CollectionViewController.swift; sourceTree = "<group>"; };
		CF65719F2661976100C31614 /* MenuCollectionViewCell.swift */ = {isa = PBXFileReference; lastKnownFileType = sourcecode.swift; path = MenuCollectionViewCell.swift; sourceTree = "<group>"; };
		CF6571A02661976100C31614 /* MenuCollectionViewCell.xib */ = {isa = PBXFileReference; lastKnownFileType = file.xib; path = MenuCollectionViewCell.xib; sourceTree = "<group>"; };
		CF6571A7266197D200C31614 /* ProductCollectionViewCell.swift */ = {isa = PBXFileReference; lastKnownFileType = sourcecode.swift; path = ProductCollectionViewCell.swift; sourceTree = "<group>"; };
		CF6571A8266197D300C31614 /* ProductCollectionViewCell.xib */ = {isa = PBXFileReference; lastKnownFileType = file.xib; path = ProductCollectionViewCell.xib; sourceTree = "<group>"; };
		CF78F3C22669B5C6005B9FE1 /* GifFile.swift */ = {isa = PBXFileReference; lastKnownFileType = sourcecode.swift; path = GifFile.swift; sourceTree = "<group>"; };
		CF78F3E22669C39F005B9FE1 /* offer.gif */ = {isa = PBXFileReference; lastKnownFileType = image.gif; path = offer.gif; sourceTree = "<group>"; };
		CF78F3F12669D016005B9FE1 /* offer0.gif */ = {isa = PBXFileReference; lastKnownFileType = image.gif; path = offer0.gif; sourceTree = "<group>"; };
		CF78F3F62669D03C005B9FE1 /* black.gif */ = {isa = PBXFileReference; lastKnownFileType = image.gif; path = black.gif; sourceTree = "<group>"; };
		CF78F3FB2669D08C005B9FE1 /* specialoffers.gif */ = {isa = PBXFileReference; lastKnownFileType = image.gif; path = specialoffers.gif; sourceTree = "<group>"; };
		CF78F435266AE08A005B9FE1 /* ProductDetails+DelegateFlowLayout.swift */ = {isa = PBXFileReference; lastKnownFileType = sourcecode.swift; path = "ProductDetails+DelegateFlowLayout.swift"; sourceTree = "<group>"; };
		CFF7A3C326644C7B003D7987 /* HomeViewModel.swift */ = {isa = PBXFileReference; lastKnownFileType = sourcecode.swift; path = HomeViewModel.swift; sourceTree = "<group>"; };
		D2116C702669503F007892B7 /* FavouritesPersistenceManager.swift */ = {isa = PBXFileReference; lastKnownFileType = sourcecode.swift; path = FavouritesPersistenceManager.swift; sourceTree = "<group>"; };
		D2116C7426695B86007892B7 /* FavouriteProductsVC.swift */ = {isa = PBXFileReference; lastKnownFileType = sourcecode.swift; path = FavouriteProductsVC.swift; sourceTree = "<group>"; };
		D2116C7526695B86007892B7 /* FavouriteProductsVC.xib */ = {isa = PBXFileReference; lastKnownFileType = file.xib; path = FavouriteProductsVC.xib; sourceTree = "<group>"; };
		D2116C782669767B007892B7 /* FavouriteproductCVC.swift */ = {isa = PBXFileReference; lastKnownFileType = sourcecode.swift; path = FavouriteproductCVC.swift; sourceTree = "<group>"; };
		D2116C792669767B007892B7 /* FavouriteproductCVC.xib */ = {isa = PBXFileReference; lastKnownFileType = file.xib; path = FavouriteproductCVC.xib; sourceTree = "<group>"; };
		D21A3B11265BF58F0096553A /* RemoteDataSource.swift */ = {isa = PBXFileReference; lastKnownFileType = sourcecode.swift; path = RemoteDataSource.swift; sourceTree = "<group>"; };
		D2745A4726574E06005ABAF2 /* ErrorMessage.swift */ = {isa = PBXFileReference; lastKnownFileType = sourcecode.swift; path = ErrorMessage.swift; sourceTree = "<group>"; };
		D2745A4E265751CC005ABAF2 /* ApiRequestWrapper.swift */ = {isa = PBXFileReference; lastKnownFileType = sourcecode.swift; path = ApiRequestWrapper.swift; sourceTree = "<group>"; };
		D2745A5026575255005ABAF2 /* ApiServices.swift */ = {isa = PBXFileReference; lastKnownFileType = sourcecode.swift; path = ApiServices.swift; sourceTree = "<group>"; };
		D2745A5226575420005ABAF2 /* RemoteDataSourceWrapper.swift */ = {isa = PBXFileReference; lastKnownFileType = sourcecode.swift; path = RemoteDataSourceWrapper.swift; sourceTree = "<group>"; };
		D2CA0EB3266BBE90005AB72D /* BagCollectionViewCell.swift */ = {isa = PBXFileReference; lastKnownFileType = sourcecode.swift; path = BagCollectionViewCell.swift; sourceTree = "<group>"; };
		D2CA0EB4266BBE90005AB72D /* BagCollectionViewCell.xib */ = {isa = PBXFileReference; lastKnownFileType = file.xib; path = BagCollectionViewCell.xib; sourceTree = "<group>"; };
		D2CA0EB7266BBEC3005AB72D /* BagViewController.swift */ = {isa = PBXFileReference; lastKnownFileType = sourcecode.swift; path = BagViewController.swift; sourceTree = "<group>"; };
		D2CA0EB8266BBEC3005AB72D /* BagViewController.xib */ = {isa = PBXFileReference; lastKnownFileType = file.xib; path = BagViewController.xib; sourceTree = "<group>"; };
		D2CA0EBB266BC4BD005AB72D /* BagPersistenceManager.swift */ = {isa = PBXFileReference; lastKnownFileType = sourcecode.swift; path = BagPersistenceManager.swift; sourceTree = "<group>"; };
		D2CA0F222670AFFD005AB72D /* SettingsVC.swift */ = {isa = PBXFileReference; lastKnownFileType = sourcecode.swift; path = SettingsVC.swift; sourceTree = "<group>"; };
		D2CA0F232670AFFD005AB72D /* SettingsVC.xib */ = {isa = PBXFileReference; lastKnownFileType = file.xib; path = SettingsVC.xib; sourceTree = "<group>"; };
		D2CA0F272670B81D005AB72D /* SettingsTableViewCell.swift */ = {isa = PBXFileReference; lastKnownFileType = sourcecode.swift; path = SettingsTableViewCell.swift; sourceTree = "<group>"; };
		D2CA0F282670B81D005AB72D /* SettingsTableViewCell.xib */ = {isa = PBXFileReference; lastKnownFileType = file.xib; path = SettingsTableViewCell.xib; sourceTree = "<group>"; };
		EC60D919DA0F486F083773E9 /* Pods-Shopy-ShopyUITests.debug.xcconfig */ = {isa = PBXFileReference; includeInIndex = 1; lastKnownFileType = text.xcconfig; name = "Pods-Shopy-ShopyUITests.debug.xcconfig"; path = "Target Support Files/Pods-Shopy-ShopyUITests/Pods-Shopy-ShopyUITests.debug.xcconfig"; sourceTree = "<group>"; };
/* End PBXFileReference section */

/* Begin PBXFrameworksBuildPhase section */
		9E182D7E26503E8100069E6E /* Frameworks */ = {
			isa = PBXFrameworksBuildPhase;
			buildActionMask = 2147483647;
			files = (
				25439C4C0A5EE7980C196ABD /* Pods_Shopy.framework in Frameworks */,
			);
			runOnlyForDeploymentPostprocessing = 0;
		};
		9E182D9726503E8300069E6E /* Frameworks */ = {
			isa = PBXFrameworksBuildPhase;
			buildActionMask = 2147483647;
			files = (
				074782A1C8E6277CE1CBE546 /* Pods_ShopyTests.framework in Frameworks */,
			);
			runOnlyForDeploymentPostprocessing = 0;
		};
		9E182DA226503E8300069E6E /* Frameworks */ = {
			isa = PBXFrameworksBuildPhase;
			buildActionMask = 2147483647;
			files = (
				B4E41A22EA1A1774ECFA56DD /* Pods_Shopy_ShopyUITests.framework in Frameworks */,
			);
			runOnlyForDeploymentPostprocessing = 0;
		};
/* End PBXFrameworksBuildPhase section */

/* Begin PBXGroup section */
		274D374A266DA8BC002EF152 /* MeTap */ = {
			isa = PBXGroup;
			children = (
				274D374B266DA8D9002EF152 /* MeTapViewModel.swift */,
			);
			path = MeTap;
			sourceTree = "<group>";
		};
		2766A934266F84AE0036F78C /* OrderCell */ = {
			isa = PBXGroup;
			children = (
				2766A92D266F84A80036F78C /* OrderCell.swift */,
				2766A92E266F84A80036F78C /* OrderCell.xib */,
			);
			path = OrderCell;
			sourceTree = "<group>";
		};
		2772352F266AC4C6004B442D /* Addresses */ = {
			isa = PBXGroup;
			children = (
				27723527266ABE58004B442D /* AddressVC.swift */,
			);
			path = Addresses;
			sourceTree = "<group>";
		};
		277F3A97265D517F00C822D9 /* Protocol */ = {
			isa = PBXGroup;
			children = (
				277F3A98265D51A000C822D9 /* IRounded.swift */,
				27B4E42A266AD6F9009A55EF /* UIUPdateAddressList.swift */,
			);
			path = Protocol;
			sourceTree = "<group>";
		};
		27BBDF3C265D4643009A887D /* EntryPoint */ = {
			isa = PBXGroup;
			children = (
				277F3A97265D517F00C822D9 /* Protocol */,
				27BBDF3E265D4672009A887D /* Login */,
				27BBDF3D265D465D009A887D /* Register */,
				27BBDF25265D36DC009A887D /* EntryPointVC.swift */,
				273FF7DD2660A30300A37003 /* EntryNavigator.swift */,
			);
			path = EntryPoint;
			sourceTree = "<group>";
		};
		27BBDF3D265D465D009A887D /* Register */ = {
			isa = PBXGroup;
			children = (
				273FF7D32660932400A37003 /* Register.swift */,
			);
			path = Register;
			sourceTree = "<group>";
		};
		27BBDF3E265D4672009A887D /* Login */ = {
			isa = PBXGroup;
			children = (
				273FF7D826609D4300A37003 /* Login.swift */,
				2772352F266AC4C6004B442D /* Addresses */,
			);
			path = Login;
			sourceTree = "<group>";
		};
		27C3A854266CAE7600D16F84 /* MeTap */ = {
			isa = PBXGroup;
			children = (
				2766A934266F84AE0036F78C /* OrderCell */,
				27C3A856266CAEAA00D16F84 /* MeVC.swift */,
			);
			path = MeTap;
			sourceTree = "<group>";
		};
		900ED897D64BBEF98F5FD341 /* Pods */ = {
			isa = PBXGroup;
			children = (
				A3CABA92B1A37A7896D62DF3 /* Pods-Shopy.debug.xcconfig */,
				4920382F047EDE4839325372 /* Pods-Shopy.release.xcconfig */,
				EC60D919DA0F486F083773E9 /* Pods-Shopy-ShopyUITests.debug.xcconfig */,
				B42953B933926FFD4773FB7A /* Pods-Shopy-ShopyUITests.release.xcconfig */,
				0B13707064EE8F01FB88405D /* Pods-ShopyTests.debug.xcconfig */,
				552882C4F227945A1C41820E /* Pods-ShopyTests.release.xcconfig */,
			);
			path = Pods;
			sourceTree = "<group>";
		};
		9E182D7826503E8000069E6E = {
			isa = PBXGroup;
			children = (
				9E182D8326503E8100069E6E /* Shopy */,
				9E182D9D26503E8300069E6E /* ShopyTests */,
				9E182DA826503E8300069E6E /* ShopyUITests */,
				9E182D8226503E8100069E6E /* Products */,
				900ED897D64BBEF98F5FD341 /* Pods */,
				A599565F241219575ADA5953 /* Frameworks */,
				9E5A7706266BC7930086E2E5 /* Recovered References */,
			);
			sourceTree = "<group>";
		};
		9E182D8226503E8100069E6E /* Products */ = {
			isa = PBXGroup;
			children = (
				9E182D8126503E8100069E6E /* Shopy.app */,
				9E182D9A26503E8300069E6E /* ShopyTests.xctest */,
				9E182DA526503E8300069E6E /* ShopyUITests.xctest */,
			);
			name = Products;
			sourceTree = "<group>";
		};
		9E182D8326503E8100069E6E /* Shopy */ = {
			isa = PBXGroup;
			children = (
				9E5780A3266C365F005EF36E /* core data */,
				9E5780A2266C35BC005EF36E /* resourses */,
				9E5780A1266C3580005EF36E /* configuration */,
				9E756A1626643A4C000B5D98 /* ViewModels */,
				9E756A0526642D14000B5D98 /* Views */,
				D21A3B13265C22210096553A /* model */,
				D2745A49265750BB005ABAF2 /* data */,
				9EAE57482657110500BE44C2 /* Utils */,
				9E59BDDB26531C66003B113F /* GoogleService-Info.plist */,
			);
			path = Shopy;
			sourceTree = "<group>";
		};
		9E182D9D26503E8300069E6E /* ShopyTests */ = {
			isa = PBXGroup;
			children = (
				9E182D9E26503E8300069E6E /* ShopyTests.swift */,
				9E182DA026503E8300069E6E /* Info.plist */,
			);
			path = ShopyTests;
			sourceTree = "<group>";
		};
		9E182DA826503E8300069E6E /* ShopyUITests */ = {
			isa = PBXGroup;
			children = (
				9E182DA926503E8300069E6E /* ShopyUITests.swift */,
				9E182DAB26503E8300069E6E /* Info.plist */,
			);
			path = ShopyUITests;
			sourceTree = "<group>";
		};
		9E567CCB266D691600AC11C1 /* NoInternetScreen */ = {
			isa = PBXGroup;
			children = (
				9E567CCC266D695400AC11C1 /* NoInternetViewController.swift */,
			);
			path = NoInternetScreen;
			sourceTree = "<group>";
		};
		9E5780A1266C3580005EF36E /* configuration */ = {
			isa = PBXGroup;
			children = (
				9E182D9526503E8300069E6E /* Info.plist */,
				9E182D8426503E8100069E6E /* AppDelegate.swift */,
				9E182D8626503E8100069E6E /* SceneDelegate.swift */,
			);
			path = configuration;
			sourceTree = "<group>";
		};
		9E5780A2266C35BC005EF36E /* resourses */ = {
			isa = PBXGroup;
			children = (
				9E182D9026503E8300069E6E /* Assets.xcassets */,
			);
			path = resourses;
			sourceTree = "<group>";
		};
		9E5780A3266C365F005EF36E /* core data */ = {
			isa = PBXGroup;
			children = (
				9E182D8D26503E8100069E6E /* Shopy.xcdatamodeld */,
			);
			path = "core data";
			sourceTree = "<group>";
		};
		9E5A7706266BC7930086E2E5 /* Recovered References */ = {
			isa = PBXGroup;
			children = (
			);
			name = "Recovered References";
			sourceTree = "<group>";
		};
		9E6172E62667C9CE00E93743 /* searchBar */ = {
			isa = PBXGroup;
			children = (
				9E6172E72667CA3200E93743 /* SearchCategoryViewController.swift */,
			);
			path = searchBar;
			sourceTree = "<group>";
		};
		9E6172E92667CB8100E93743 /* categorySearchViewModel */ = {
			isa = PBXGroup;
			children = (
				9E6172EA2667CBB900E93743 /* CategorySearchViewModel.swift */,
			);
			path = categorySearchViewModel;
			sourceTree = "<group>";
		};
		9E756A0526642D14000B5D98 /* Views */ = {
			isa = PBXGroup;
			children = (
				D2CA0F202670AC4A005AB72D /* settings */,
				9E567CCB266D691600AC11C1 /* NoInternetScreen */,
				9E182D8A26503E8100069E6E /* Main.storyboard */,
				9E182D9226503E8300069E6E /* LaunchScreen.storyboard */,
				CF65719026617D8500C31614 /* Home */,
				CF4798782666CE4100B0A64D /* ProductDetails */,
				27BBDF3C265D4643009A887D /* EntryPoint */,
				D2CA0EB0266BBE1F005AB72D /* bag */,
				D2116C6E26694D2A007892B7 /* favourites */,
				9E756A0626642D22000B5D98 /* CategoryTab */,
				27C3A854266CAE7600D16F84 /* MeTap */,
			);
			path = Views;
			sourceTree = "<group>";
		};
		9E756A0626642D22000B5D98 /* CategoryTab */ = {
			isa = PBXGroup;
			children = (
				9E6172E62667C9CE00E93743 /* searchBar */,
				9E756A0926642EA9000B5D98 /* main products cell */,
				9E756A0826642E9A000B5D98 /* sub categories cell */,
				9E756A0726642E14000B5D98 /* main categories cell */,
				9E14BDEE265D45BD000899B9 /* CategoryViewController.swift */,
			);
			path = CategoryTab;
			sourceTree = "<group>";
		};
		9E756A0726642E14000B5D98 /* main categories cell */ = {
			isa = PBXGroup;
			children = (
				9E756A1226643208000B5D98 /* MainCategoriesCollectionViewCell.swift */,
				9E756A1326643208000B5D98 /* MainCategoriesCollectionViewCell.xib */,
			);
			path = "main categories cell";
			sourceTree = "<group>";
		};
		9E756A0826642E9A000B5D98 /* sub categories cell */ = {
			isa = PBXGroup;
			children = (
				9E756A0E266431EB000B5D98 /* SubCategoriesCollectionViewCell.swift */,
				9E756A0F266431EB000B5D98 /* SubCategoriesCollectionViewCell.xib */,
			);
			path = "sub categories cell";
			sourceTree = "<group>";
		};
		9E756A0926642EA9000B5D98 /* main products cell */ = {
			isa = PBXGroup;
			children = (
				9E756A0A266431CB000B5D98 /* MainProductsCollectionViewCell.swift */,
				9E756A0B266431CB000B5D98 /* MainProductsCollectionViewCell.xib */,
			);
			path = "main products cell";
			sourceTree = "<group>";
		};
		9E756A1626643A4C000B5D98 /* ViewModels */ = {
			isa = PBXGroup;
			children = (
				CFF7A3BF26644C4D003D7987 /* HomeViewModel */,
				9E756A1726643A60000B5D98 /* CategoryViewModel */,
				274D374A266DA8BC002EF152 /* MeTap */,
				2748ECBF266440F400A9DF42 /* EntryViewModel.swift */,
			);
			path = ViewModels;
			sourceTree = "<group>";
		};
		9E756A1726643A60000B5D98 /* CategoryViewModel */ = {
			isa = PBXGroup;
			children = (
				9E6172E92667CB8100E93743 /* categorySearchViewModel */,
				9E756A1826643A94000B5D98 /* CategoryViewModel.swift */,
				9E756A1A26643B29000B5D98 /* CategoryContract.swift */,
			);
			path = CategoryViewModel;
			sourceTree = "<group>";
		};
		9EAE57482657110500BE44C2 /* Utils */ = {
			isa = PBXGroup;
			children = (
				CF082149266DDC9C00064DB9 /* sale.gif */,
				CF082148266DDC9B00064DB9 /* kids.gif */,
				CF082144266DDC9900064DB9 /* women.gif */,
				CF082146266DDC9A00064DB9 /* kids2.gif */,
				CF082145266DDC9A00064DB9 /* men.gif */,
				CF082147266DDC9B00064DB9 /* home.gif */,
				CF78F3FB2669D08C005B9FE1 /* specialoffers.gif */,
				CF78F3F62669D03C005B9FE1 /* black.gif */,
				CF78F3F12669D016005B9FE1 /* offer0.gif */,
				CF78F3E22669C39F005B9FE1 /* offer.gif */,
				CF78F3C22669B5C6005B9FE1 /* GifFile.swift */,
				9EAE57492657114700BE44C2 /* URLs.swift */,
				9EAE574B2657118E00BE44C2 /* ShowIndecator.swift */,
				D2745A4726574E06005ABAF2 /* ErrorMessage.swift */,
				27465D9D26615720000FF0D0 /* DismissKeyboard.swift */,
				2748ECCB266465E800A9DF42 /* EmailValidationExtension.swift */,
				2759BB6826646F4100AF288D /* ProgressHudExt.swift */,
				9E756A1C26644277000B5D98 /* Constants.swift */,
				CF4798062665DC9900B0A64D /* AppCommon.swift */,
				2730288726714A24004273CF /* String+Extention.swift */,
				2730289326714BBD004273CF /* Localizable.strings */,
			);
			path = Utils;
			sourceTree = "<group>";
		};
		A599565F241219575ADA5953 /* Frameworks */ = {
			isa = PBXGroup;
			children = (
				30DE585536EF363BD795C169 /* Pods_Shopy.framework */,
				264E4FC7B77E696D0A2906DC /* Pods_Shopy_ShopyUITests.framework */,
				3B33C7D1FE68BC50FDE5402E /* Pods_ShopyTests.framework */,
			);
			name = Frameworks;
			sourceTree = "<group>";
		};
		CF4797E32665D33D00B0A64D /* View */ = {
			isa = PBXGroup;
			children = (
				CF6571A62661977500C31614 /* Products */,
				CF4797E42665D38900B0A64D /* CollectionViewController */,
				CF6571AE26619B9100C31614 /* MenuCollectionViewCell */,
			);
			path = View;
			sourceTree = "<group>";
		};
		CF4797E42665D38900B0A64D /* CollectionViewController */ = {
			isa = PBXGroup;
			children = (
				CF6571992661966700C31614 /* CollectionViewController.swift */,
				CF4797E52665D3D800B0A64D /* CollectionViewController+FlowLayout.swift */,
			);
			path = CollectionViewController;
			sourceTree = "<group>";
		};
		CF4798782666CE4100B0A64D /* ProductDetails */ = {
			isa = PBXGroup;
			children = (
				CF78F434266ADF6A005B9FE1 /* Product_details_viewContoller */,
				CF47988A2667D1F000B0A64D /* SizeCell */,
			);
			path = ProductDetails;
			sourceTree = "<group>";
		};
		CF47988A2667D1F000B0A64D /* SizeCell */ = {
			isa = PBXGroup;
			children = (
				CF47988B2667D23100B0A64D /* SizesCollectionViewCell.swift */,
				CF47988C2667D23100B0A64D /* SizesCollectionViewCell.xib */,
			);
			path = SizeCell;
			sourceTree = "<group>";
		};
		CF65719026617D8500C31614 /* Home */ = {
			isa = PBXGroup;
			children = (
				CF4797E32665D33D00B0A64D /* View */,
			);
			path = Home;
			sourceTree = "<group>";
		};
		CF6571A62661977500C31614 /* Products */ = {
			isa = PBXGroup;
			children = (
				CF6571A7266197D200C31614 /* ProductCollectionViewCell.swift */,
				CF6571A8266197D300C31614 /* ProductCollectionViewCell.xib */,
			);
			path = Products;
			sourceTree = "<group>";
		};
		CF6571AE26619B9100C31614 /* MenuCollectionViewCell */ = {
			isa = PBXGroup;
			children = (
				CF65719F2661976100C31614 /* MenuCollectionViewCell.swift */,
				CF6571A02661976100C31614 /* MenuCollectionViewCell.xib */,
			);
			path = MenuCollectionViewCell;
			sourceTree = "<group>";
		};
		CF78F434266ADF6A005B9FE1 /* Product_details_viewContoller */ = {
			isa = PBXGroup;
			children = (
				CF47987C2666CE9700B0A64D /* ProductDetailsViewController.swift */,
				CF78F435266AE08A005B9FE1 /* ProductDetails+DelegateFlowLayout.swift */,
			);
			path = Product_details_viewContoller;
			sourceTree = "<group>";
		};
		CFF7A3BF26644C4D003D7987 /* HomeViewModel */ = {
			isa = PBXGroup;
			children = (
				CFF7A3C326644C7B003D7987 /* HomeViewModel.swift */,
			);
			path = HomeViewModel;
			sourceTree = "<group>";
		};
		D2116C6E26694D2A007892B7 /* favourites */ = {
			isa = PBXGroup;
			children = (
				D2116C73266959D6007892B7 /* Cell */,
				D2116C72266959CF007892B7 /* VC */,
			);
			path = favourites;
			sourceTree = "<group>";
		};
		D2116C6F2669501B007892B7 /* local */ = {
			isa = PBXGroup;
			children = (
				27DDC516266BE4D0002E92A7 /* Userdefaults.swift */,
				D2116C702669503F007892B7 /* FavouritesPersistenceManager.swift */,
				D2CA0EBB266BC4BD005AB72D /* BagPersistenceManager.swift */,
			);
			path = local;
			sourceTree = "<group>";
		};
		D2116C72266959CF007892B7 /* VC */ = {
			isa = PBXGroup;
			children = (
				D2116C7426695B86007892B7 /* FavouriteProductsVC.swift */,
				D2116C7526695B86007892B7 /* FavouriteProductsVC.xib */,
			);
			path = VC;
			sourceTree = "<group>";
		};
		D2116C73266959D6007892B7 /* Cell */ = {
			isa = PBXGroup;
			children = (
				D2116C782669767B007892B7 /* FavouriteproductCVC.swift */,
				D2116C792669767B007892B7 /* FavouriteproductCVC.xib */,
			);
			path = Cell;
			sourceTree = "<group>";
		};
		D21A3B13265C22210096553A /* model */ = {
			isa = PBXGroup;
			children = (
				27DDC4E6266BE262002E92A7 /* Customer.swift */,
				27DDC4E5266BE262002E92A7 /* RegisterResponse.swift */,
				27DDC4D2266BE1E6002E92A7 /* CustomCollection.swift */,
				27DDC4DA266BE22C002E92A7 /* Product.swift */,
				27DDC4EC266BE275002E92A7 /* Products.swift */,
				9E686590266653D3007B0388 /* DetailedProductsModel.swift */,
				CF47989E2669471300B0A64D /* PriceRules.swift */,
				CF4798A32669497B00B0A64D /* DiscountCode.swift */,
				2766A91F266F5F3E0036F78C /* Order.swift */,
			);
			path = model;
			sourceTree = "<group>";
		};
		D2745A49265750BB005ABAF2 /* data */ = {
			isa = PBXGroup;
			children = (
				D2116C6F2669501B007892B7 /* local */,
				D2745A4A265750C4005ABAF2 /* remote */,
			);
			path = data;
			sourceTree = "<group>";
		};
		D2745A4A265750C4005ABAF2 /* remote */ = {
			isa = PBXGroup;
			children = (
				D2745A4C265750EE005ABAF2 /* api-service */,
			);
			path = remote;
			sourceTree = "<group>";
		};
		D2745A4B265750E2005ABAF2 /* data-source */ = {
			isa = PBXGroup;
			children = (
				D2745A5226575420005ABAF2 /* RemoteDataSourceWrapper.swift */,
				D21A3B11265BF58F0096553A /* RemoteDataSource.swift */,
			);
			path = "data-source";
			sourceTree = "<group>";
		};
		D2745A4C265750EE005ABAF2 /* api-service */ = {
			isa = PBXGroup;
			children = (
				D2745A4E265751CC005ABAF2 /* ApiRequestWrapper.swift */,
				D2745A5026575255005ABAF2 /* ApiServices.swift */,
				D2745A4B265750E2005ABAF2 /* data-source */,
			);
			path = "api-service";
			sourceTree = "<group>";
		};
		D2CA0EB0266BBE1F005AB72D /* bag */ = {
			isa = PBXGroup;
			children = (
				D2CA0EB2266BBE3F005AB72D /* cell */,
				D2CA0EB1266BBE2E005AB72D /* VC */,
			);
			path = bag;
			sourceTree = "<group>";
		};
		D2CA0EB1266BBE2E005AB72D /* VC */ = {
			isa = PBXGroup;
			children = (
				D2CA0EB7266BBEC3005AB72D /* BagViewController.swift */,
				D2CA0EB8266BBEC3005AB72D /* BagViewController.xib */,
			);
			path = VC;
			sourceTree = "<group>";
		};
		D2CA0EB2266BBE3F005AB72D /* cell */ = {
			isa = PBXGroup;
			children = (
				D2CA0EB3266BBE90005AB72D /* BagCollectionViewCell.swift */,
				D2CA0EB4266BBE90005AB72D /* BagCollectionViewCell.xib */,
			);
			path = cell;
			sourceTree = "<group>";
		};
		D2CA0F202670AC4A005AB72D /* settings */ = {
			isa = PBXGroup;
			children = (
				D2CA0F262670B765005AB72D /* cell */,
				D2CA0F212670AC56005AB72D /* VC */,
			);
			path = settings;
			sourceTree = "<group>";
		};
		D2CA0F212670AC56005AB72D /* VC */ = {
			isa = PBXGroup;
			children = (
				D2CA0F222670AFFD005AB72D /* SettingsVC.swift */,
				D2CA0F232670AFFD005AB72D /* SettingsVC.xib */,
			);
			path = VC;
			sourceTree = "<group>";
		};
		D2CA0F262670B765005AB72D /* cell */ = {
			isa = PBXGroup;
			children = (
				D2CA0F272670B81D005AB72D /* SettingsTableViewCell.swift */,
				D2CA0F282670B81D005AB72D /* SettingsTableViewCell.xib */,
			);
			path = cell;
			sourceTree = "<group>";
		};
/* End PBXGroup section */

/* Begin PBXNativeTarget section */
		9E182D8026503E8100069E6E /* Shopy */ = {
			isa = PBXNativeTarget;
			buildConfigurationList = 9E182DAE26503E8300069E6E /* Build configuration list for PBXNativeTarget "Shopy" */;
			buildPhases = (
				49A0880901A710B08F8841A6 /* [CP] Check Pods Manifest.lock */,
				9E182D7D26503E8100069E6E /* Sources */,
				9E182D7E26503E8100069E6E /* Frameworks */,
				9E182D7F26503E8100069E6E /* Resources */,
				3587D0C6C4955C665E073325 /* [CP] Embed Pods Frameworks */,
			);
			buildRules = (
			);
			dependencies = (
			);
			name = Shopy;
			productName = Shopy;
			productReference = 9E182D8126503E8100069E6E /* Shopy.app */;
			productType = "com.apple.product-type.application";
		};
		9E182D9926503E8300069E6E /* ShopyTests */ = {
			isa = PBXNativeTarget;
			buildConfigurationList = 9E182DB126503E8300069E6E /* Build configuration list for PBXNativeTarget "ShopyTests" */;
			buildPhases = (
				CDC5E02EE23F56382891F490 /* [CP] Check Pods Manifest.lock */,
				9E182D9626503E8300069E6E /* Sources */,
				9E182D9726503E8300069E6E /* Frameworks */,
				9E182D9826503E8300069E6E /* Resources */,
			);
			buildRules = (
			);
			dependencies = (
				9E182D9C26503E8300069E6E /* PBXTargetDependency */,
			);
			name = ShopyTests;
			productName = ShopyTests;
			productReference = 9E182D9A26503E8300069E6E /* ShopyTests.xctest */;
			productType = "com.apple.product-type.bundle.unit-test";
		};
		9E182DA426503E8300069E6E /* ShopyUITests */ = {
			isa = PBXNativeTarget;
			buildConfigurationList = 9E182DB426503E8300069E6E /* Build configuration list for PBXNativeTarget "ShopyUITests" */;
			buildPhases = (
				329109E35D3960ABA206FC49 /* [CP] Check Pods Manifest.lock */,
				9E182DA126503E8300069E6E /* Sources */,
				9E182DA226503E8300069E6E /* Frameworks */,
				9E182DA326503E8300069E6E /* Resources */,
				84D35E0283848896DDEE2AD8 /* [CP] Embed Pods Frameworks */,
			);
			buildRules = (
			);
			dependencies = (
				9E182DA726503E8300069E6E /* PBXTargetDependency */,
			);
			name = ShopyUITests;
			productName = ShopyUITests;
			productReference = 9E182DA526503E8300069E6E /* ShopyUITests.xctest */;
			productType = "com.apple.product-type.bundle.ui-testing";
		};
/* End PBXNativeTarget section */

/* Begin PBXProject section */
		9E182D7926503E8000069E6E /* Project object */ = {
			isa = PBXProject;
			attributes = {
				LastSwiftUpdateCheck = 1140;
				LastUpgradeCheck = 1140;
				ORGANIZATIONNAME = "mohamed youssef";
				TargetAttributes = {
					9E182D8026503E8100069E6E = {
						CreatedOnToolsVersion = 11.4;
					};
					9E182D9926503E8300069E6E = {
						CreatedOnToolsVersion = 11.4;
						TestTargetID = 9E182D8026503E8100069E6E;
					};
					9E182DA426503E8300069E6E = {
						CreatedOnToolsVersion = 11.4;
						TestTargetID = 9E182D8026503E8100069E6E;
					};
				};
			};
			buildConfigurationList = 9E182D7C26503E8000069E6E /* Build configuration list for PBXProject "Shopy" */;
			compatibilityVersion = "Xcode 9.3";
			developmentRegion = en;
			hasScannedForEncodings = 0;
			knownRegions = (
				en,
				Base,
				ar,
			);
			mainGroup = 9E182D7826503E8000069E6E;
			productRefGroup = 9E182D8226503E8100069E6E /* Products */;
			projectDirPath = "";
			projectRoot = "";
			targets = (
				9E182D8026503E8100069E6E /* Shopy */,
				9E182D9926503E8300069E6E /* ShopyTests */,
				9E182DA426503E8300069E6E /* ShopyUITests */,
			);
		};
/* End PBXProject section */

/* Begin PBXResourcesBuildPhase section */
		9E182D7F26503E8100069E6E /* Resources */ = {
			isa = PBXResourcesBuildPhase;
			buildActionMask = 2147483647;
			files = (
				9E182D9426503E8300069E6E /* LaunchScreen.storyboard in Resources */,
				CF08214F266DDC9C00064DB9 /* sale.gif in Resources */,
				CF78F3FC2669D08C005B9FE1 /* specialoffers.gif in Resources */,
				CF08214E266DDC9C00064DB9 /* kids.gif in Resources */,
				9E59BDDC26531C67003B113F /* GoogleService-Info.plist in Resources */,
				2766A930266F84A80036F78C /* OrderCell.xib in Resources */,
				CF6571AA266197D300C31614 /* ProductCollectionViewCell.xib in Resources */,
				CF47988E2667D23300B0A64D /* SizesCollectionViewCell.xib in Resources */,
				D2CA0EB6266BBE90005AB72D /* BagCollectionViewCell.xib in Resources */,
				CF6571A22661976100C31614 /* MenuCollectionViewCell.xib in Resources */,
				D2116C7726695B86007892B7 /* FavouriteProductsVC.xib in Resources */,
				CF08214C266DDC9C00064DB9 /* kids2.gif in Resources */,
				D2CA0F2A2670B81D005AB72D /* SettingsTableViewCell.xib in Resources */,
				9E182D9126503E8300069E6E /* Assets.xcassets in Resources */,
				CF78F3F22669D018005B9FE1 /* offer0.gif in Resources */,
				CF78F3F72669D03C005B9FE1 /* black.gif in Resources */,
				CF08214D266DDC9C00064DB9 /* home.gif in Resources */,
				2730289126714BBD004273CF /* Localizable.strings in Resources */,
				9E182D8C26503E8100069E6E /* Main.storyboard in Resources */,
				CF08214A266DDC9C00064DB9 /* women.gif in Resources */,
				9E756A1526643208000B5D98 /* MainCategoriesCollectionViewCell.xib in Resources */,
				9E756A0D266431CB000B5D98 /* MainProductsCollectionViewCell.xib in Resources */,
				CF78F3E32669C3A0005B9FE1 /* offer.gif in Resources */,
				CF08214B266DDC9C00064DB9 /* men.gif in Resources */,
				D2116C7B2669767B007892B7 /* FavouriteproductCVC.xib in Resources */,
				9E756A11266431EB000B5D98 /* SubCategoriesCollectionViewCell.xib in Resources */,
				D2CA0EBA266BBEC3005AB72D /* BagViewController.xib in Resources */,
				D2CA0F252670AFFD005AB72D /* SettingsVC.xib in Resources */,
			);
			runOnlyForDeploymentPostprocessing = 0;
		};
		9E182D9826503E8300069E6E /* Resources */ = {
			isa = PBXResourcesBuildPhase;
			buildActionMask = 2147483647;
			files = (
			);
			runOnlyForDeploymentPostprocessing = 0;
		};
		9E182DA326503E8300069E6E /* Resources */ = {
			isa = PBXResourcesBuildPhase;
			buildActionMask = 2147483647;
			files = (
			);
			runOnlyForDeploymentPostprocessing = 0;
		};
/* End PBXResourcesBuildPhase section */

/* Begin PBXShellScriptBuildPhase section */
		329109E35D3960ABA206FC49 /* [CP] Check Pods Manifest.lock */ = {
			isa = PBXShellScriptBuildPhase;
			buildActionMask = 2147483647;
			files = (
			);
			inputFileListPaths = (
			);
			inputPaths = (
				"${PODS_PODFILE_DIR_PATH}/Podfile.lock",
				"${PODS_ROOT}/Manifest.lock",
			);
			name = "[CP] Check Pods Manifest.lock";
			outputFileListPaths = (
			);
			outputPaths = (
				"$(DERIVED_FILE_DIR)/Pods-Shopy-ShopyUITests-checkManifestLockResult.txt",
			);
			runOnlyForDeploymentPostprocessing = 0;
			shellPath = /bin/sh;
			shellScript = "diff \"${PODS_PODFILE_DIR_PATH}/Podfile.lock\" \"${PODS_ROOT}/Manifest.lock\" > /dev/null\nif [ $? != 0 ] ; then\n    # print error to STDERR\n    echo \"error: The sandbox is not in sync with the Podfile.lock. Run 'pod install' or update your CocoaPods installation.\" >&2\n    exit 1\nfi\n# This output is used by Xcode 'outputs' to avoid re-running this script phase.\necho \"SUCCESS\" > \"${SCRIPT_OUTPUT_FILE_0}\"\n";
			showEnvVarsInLog = 0;
		};
		3587D0C6C4955C665E073325 /* [CP] Embed Pods Frameworks */ = {
			isa = PBXShellScriptBuildPhase;
			buildActionMask = 2147483647;
			files = (
			);
			inputFileListPaths = (
				"${PODS_ROOT}/Target Support Files/Pods-Shopy/Pods-Shopy-frameworks-${CONFIGURATION}-input-files.xcfilelist",
			);
			name = "[CP] Embed Pods Frameworks";
			outputFileListPaths = (
				"${PODS_ROOT}/Target Support Files/Pods-Shopy/Pods-Shopy-frameworks-${CONFIGURATION}-output-files.xcfilelist",
			);
			runOnlyForDeploymentPostprocessing = 0;
			shellPath = /bin/sh;
			shellScript = "\"${PODS_ROOT}/Target Support Files/Pods-Shopy/Pods-Shopy-frameworks.sh\"\n";
			showEnvVarsInLog = 0;
		};
		49A0880901A710B08F8841A6 /* [CP] Check Pods Manifest.lock */ = {
			isa = PBXShellScriptBuildPhase;
			buildActionMask = 2147483647;
			files = (
			);
			inputFileListPaths = (
			);
			inputPaths = (
				"${PODS_PODFILE_DIR_PATH}/Podfile.lock",
				"${PODS_ROOT}/Manifest.lock",
			);
			name = "[CP] Check Pods Manifest.lock";
			outputFileListPaths = (
			);
			outputPaths = (
				"$(DERIVED_FILE_DIR)/Pods-Shopy-checkManifestLockResult.txt",
			);
			runOnlyForDeploymentPostprocessing = 0;
			shellPath = /bin/sh;
			shellScript = "diff \"${PODS_PODFILE_DIR_PATH}/Podfile.lock\" \"${PODS_ROOT}/Manifest.lock\" > /dev/null\nif [ $? != 0 ] ; then\n    # print error to STDERR\n    echo \"error: The sandbox is not in sync with the Podfile.lock. Run 'pod install' or update your CocoaPods installation.\" >&2\n    exit 1\nfi\n# This output is used by Xcode 'outputs' to avoid re-running this script phase.\necho \"SUCCESS\" > \"${SCRIPT_OUTPUT_FILE_0}\"\n";
			showEnvVarsInLog = 0;
		};
		84D35E0283848896DDEE2AD8 /* [CP] Embed Pods Frameworks */ = {
			isa = PBXShellScriptBuildPhase;
			buildActionMask = 2147483647;
			files = (
			);
			inputFileListPaths = (
				"${PODS_ROOT}/Target Support Files/Pods-Shopy-ShopyUITests/Pods-Shopy-ShopyUITests-frameworks-${CONFIGURATION}-input-files.xcfilelist",
			);
			name = "[CP] Embed Pods Frameworks";
			outputFileListPaths = (
				"${PODS_ROOT}/Target Support Files/Pods-Shopy-ShopyUITests/Pods-Shopy-ShopyUITests-frameworks-${CONFIGURATION}-output-files.xcfilelist",
			);
			runOnlyForDeploymentPostprocessing = 0;
			shellPath = /bin/sh;
			shellScript = "\"${PODS_ROOT}/Target Support Files/Pods-Shopy-ShopyUITests/Pods-Shopy-ShopyUITests-frameworks.sh\"\n";
			showEnvVarsInLog = 0;
		};
		CDC5E02EE23F56382891F490 /* [CP] Check Pods Manifest.lock */ = {
			isa = PBXShellScriptBuildPhase;
			buildActionMask = 2147483647;
			files = (
			);
			inputFileListPaths = (
			);
			inputPaths = (
				"${PODS_PODFILE_DIR_PATH}/Podfile.lock",
				"${PODS_ROOT}/Manifest.lock",
			);
			name = "[CP] Check Pods Manifest.lock";
			outputFileListPaths = (
			);
			outputPaths = (
				"$(DERIVED_FILE_DIR)/Pods-ShopyTests-checkManifestLockResult.txt",
			);
			runOnlyForDeploymentPostprocessing = 0;
			shellPath = /bin/sh;
			shellScript = "diff \"${PODS_PODFILE_DIR_PATH}/Podfile.lock\" \"${PODS_ROOT}/Manifest.lock\" > /dev/null\nif [ $? != 0 ] ; then\n    # print error to STDERR\n    echo \"error: The sandbox is not in sync with the Podfile.lock. Run 'pod install' or update your CocoaPods installation.\" >&2\n    exit 1\nfi\n# This output is used by Xcode 'outputs' to avoid re-running this script phase.\necho \"SUCCESS\" > \"${SCRIPT_OUTPUT_FILE_0}\"\n";
			showEnvVarsInLog = 0;
		};
/* End PBXShellScriptBuildPhase section */

/* Begin PBXSourcesBuildPhase section */
		9E182D7D26503E8100069E6E /* Sources */ = {
			isa = PBXSourcesBuildPhase;
			buildActionMask = 2147483647;
			files = (
				273FF7D926609D4300A37003 /* Login.swift in Sources */,
				277F3A99265D51A000C822D9 /* IRounded.swift in Sources */,
				27B4E42B266AD6F9009A55EF /* UIUPdateAddressList.swift in Sources */,
				9E6172E82667CA3200E93743 /* SearchCategoryViewController.swift in Sources */,
				9E756A1D26644277000B5D98 /* Constants.swift in Sources */,
				CF4798072665DC9900B0A64D /* AppCommon.swift in Sources */,
				CFF7A3C426644C7B003D7987 /* HomeViewModel.swift in Sources */,
				D2CA0EB5266BBE90005AB72D /* BagCollectionViewCell.swift in Sources */,
				D2745A4826574E06005ABAF2 /* ErrorMessage.swift in Sources */,
				27DDC4E7266BE263002E92A7 /* RegisterResponse.swift in Sources */,
				9E6172EB2667CBB900E93743 /* CategorySearchViewModel.swift in Sources */,
				CF78F3C32669B5C7005B9FE1 /* GifFile.swift in Sources */,
				9E14BDEF265D45BD000899B9 /* CategoryViewController.swift in Sources */,
				27DDC517266BE4D0002E92A7 /* Userdefaults.swift in Sources */,
				D2745A4F265751CC005ABAF2 /* ApiRequestWrapper.swift in Sources */,
				9E182D8F26503E8100069E6E /* Shopy.xcdatamodeld in Sources */,
				D2116C7626695B86007892B7 /* FavouriteProductsVC.swift in Sources */,
				CF78F436266AE08A005B9FE1 /* ProductDetails+DelegateFlowLayout.swift in Sources */,
				9E756A10266431EB000B5D98 /* SubCategoriesCollectionViewCell.swift in Sources */,
				2766A920266F5F3E0036F78C /* Order.swift in Sources */,
				9EAE574A2657114700BE44C2 /* URLs.swift in Sources */,
				D2745A5126575255005ABAF2 /* ApiServices.swift in Sources */,
				2766A92F266F84A80036F78C /* OrderCell.swift in Sources */,
				CF47988D2667D23300B0A64D /* SizesCollectionViewCell.swift in Sources */,
				D2116C7A2669767B007892B7 /* FavouriteproductCVC.swift in Sources */,
				CF47987D2666CE9800B0A64D /* ProductDetailsViewController.swift in Sources */,
				27C3A857266CAEAA00D16F84 /* MeVC.swift in Sources */,
				CF4797E62665D3D800B0A64D /* CollectionViewController+FlowLayout.swift in Sources */,
				CF65719A2661966700C31614 /* CollectionViewController.swift in Sources */,
				9E686591266653D3007B0388 /* DetailedProductsModel.swift in Sources */,
				CF47989F2669471500B0A64D /* PriceRules.swift in Sources */,
				27DDC4ED266BE275002E92A7 /* Products.swift in Sources */,
				27DDC4D3266BE1E6002E92A7 /* CustomCollection.swift in Sources */,
				2748ECC0266440F400A9DF42 /* EntryViewModel.swift in Sources */,
				D2CA0F292670B81D005AB72D /* SettingsTableViewCell.swift in Sources */,
				27465D9E26615720000FF0D0 /* DismissKeyboard.swift in Sources */,
				2759BB6926646F4100AF288D /* ProgressHudExt.swift in Sources */,
				27DDC4DB266BE22C002E92A7 /* Product.swift in Sources */,
				27BBDF26265D36DC009A887D /* EntryPointVC.swift in Sources */,
				9E756A0C266431CB000B5D98 /* MainProductsCollectionViewCell.swift in Sources */,
				2730288826714A24004273CF /* String+Extention.swift in Sources */,
				9E756A1926643A94000B5D98 /* CategoryViewModel.swift in Sources */,
				27723528266ABE58004B442D /* AddressVC.swift in Sources */,
				9E756A1426643208000B5D98 /* MainCategoriesCollectionViewCell.swift in Sources */,
				CF4798A42669497C00B0A64D /* DiscountCode.swift in Sources */,
				D2CA0EB9266BBEC3005AB72D /* BagViewController.swift in Sources */,
				D2CA0EBC266BC4BD005AB72D /* BagPersistenceManager.swift in Sources */,
				CF6571A12661976100C31614 /* MenuCollectionViewCell.swift in Sources */,
				27DDC4E8266BE263002E92A7 /* Customer.swift in Sources */,
				D21A3B12265BF58F0096553A /* RemoteDataSource.swift in Sources */,
				273FF7DE2660A30300A37003 /* EntryNavigator.swift in Sources */,
				9E567CCD266D695400AC11C1 /* NoInternetViewController.swift in Sources */,
				9E182D8526503E8100069E6E /* AppDelegate.swift in Sources */,
				273FF7D42660932400A37003 /* Register.swift in Sources */,
				D2CA0F242670AFFD005AB72D /* SettingsVC.swift in Sources */,
				D2745A5326575420005ABAF2 /* RemoteDataSourceWrapper.swift in Sources */,
				2748ECCC266465E800A9DF42 /* EmailValidationExtension.swift in Sources */,
				D2116C712669503F007892B7 /* FavouritesPersistenceManager.swift in Sources */,
				9EAE574C2657118E00BE44C2 /* ShowIndecator.swift in Sources */,
				274D374C266DA8D9002EF152 /* MeTapViewModel.swift in Sources */,
				9E182D8726503E8100069E6E /* SceneDelegate.swift in Sources */,
				9E756A1B26643B29000B5D98 /* CategoryContract.swift in Sources */,
				CF6571A9266197D300C31614 /* ProductCollectionViewCell.swift in Sources */,
			);
			runOnlyForDeploymentPostprocessing = 0;
		};
		9E182D9626503E8300069E6E /* Sources */ = {
			isa = PBXSourcesBuildPhase;
			buildActionMask = 2147483647;
			files = (
				9E182D9F26503E8300069E6E /* ShopyTests.swift in Sources */,
			);
			runOnlyForDeploymentPostprocessing = 0;
		};
		9E182DA126503E8300069E6E /* Sources */ = {
			isa = PBXSourcesBuildPhase;
			buildActionMask = 2147483647;
			files = (
				9E182DAA26503E8300069E6E /* ShopyUITests.swift in Sources */,
			);
			runOnlyForDeploymentPostprocessing = 0;
		};
/* End PBXSourcesBuildPhase section */

/* Begin PBXTargetDependency section */
		9E182D9C26503E8300069E6E /* PBXTargetDependency */ = {
			isa = PBXTargetDependency;
			target = 9E182D8026503E8100069E6E /* Shopy */;
			targetProxy = 9E182D9B26503E8300069E6E /* PBXContainerItemProxy */;
		};
		9E182DA726503E8300069E6E /* PBXTargetDependency */ = {
			isa = PBXTargetDependency;
			target = 9E182D8026503E8100069E6E /* Shopy */;
			targetProxy = 9E182DA626503E8300069E6E /* PBXContainerItemProxy */;
		};
/* End PBXTargetDependency section */

/* Begin PBXVariantGroup section */
		2730289326714BBD004273CF /* Localizable.strings */ = {
			isa = PBXVariantGroup;
			children = (
				2730289226714BBD004273CF /* en */,
				2730289726714BC8004273CF /* ar */,
			);
			name = Localizable.strings;
			sourceTree = "<group>";
		};
		9E182D8A26503E8100069E6E /* Main.storyboard */ = {
			isa = PBXVariantGroup;
			children = (
				9E182D8B26503E8100069E6E /* Base */,
				2730287F267148F4004273CF /* ar */,
			);
			name = Main.storyboard;
			sourceTree = "<group>";
		};
		9E182D9226503E8300069E6E /* LaunchScreen.storyboard */ = {
			isa = PBXVariantGroup;
			children = (
				9E182D9326503E8300069E6E /* Base */,
				27302883267148F4004273CF /* ar */,
			);
			name = LaunchScreen.storyboard;
			sourceTree = "<group>";
		};
/* End PBXVariantGroup section */

/* Begin XCBuildConfiguration section */
		9E182DAC26503E8300069E6E /* Debug */ = {
			isa = XCBuildConfiguration;
			buildSettings = {
				ALWAYS_SEARCH_USER_PATHS = NO;
				CLANG_ANALYZER_LOCALIZABILITY_NONLOCALIZED = YES;
				CLANG_ANALYZER_NONNULL = YES;
				CLANG_ANALYZER_NUMBER_OBJECT_CONVERSION = YES_AGGRESSIVE;
				CLANG_CXX_LANGUAGE_STANDARD = "gnu++14";
				CLANG_CXX_LIBRARY = "libc++";
				CLANG_ENABLE_MODULES = YES;
				CLANG_ENABLE_OBJC_ARC = YES;
				CLANG_ENABLE_OBJC_WEAK = YES;
				CLANG_WARN_BLOCK_CAPTURE_AUTORELEASING = YES;
				CLANG_WARN_BOOL_CONVERSION = YES;
				CLANG_WARN_COMMA = YES;
				CLANG_WARN_CONSTANT_CONVERSION = YES;
				CLANG_WARN_DEPRECATED_OBJC_IMPLEMENTATIONS = YES;
				CLANG_WARN_DIRECT_OBJC_ISA_USAGE = YES_ERROR;
				CLANG_WARN_DOCUMENTATION_COMMENTS = YES;
				CLANG_WARN_EMPTY_BODY = YES;
				CLANG_WARN_ENUM_CONVERSION = YES;
				CLANG_WARN_INFINITE_RECURSION = YES;
				CLANG_WARN_INT_CONVERSION = YES;
				CLANG_WARN_NON_LITERAL_NULL_CONVERSION = YES;
				CLANG_WARN_OBJC_IMPLICIT_RETAIN_SELF = YES;
				CLANG_WARN_OBJC_LITERAL_CONVERSION = YES;
				CLANG_WARN_OBJC_ROOT_CLASS = YES_ERROR;
				CLANG_WARN_RANGE_LOOP_ANALYSIS = YES;
				CLANG_WARN_STRICT_PROTOTYPES = YES;
				CLANG_WARN_SUSPICIOUS_MOVE = YES;
				CLANG_WARN_UNGUARDED_AVAILABILITY = YES_AGGRESSIVE;
				CLANG_WARN_UNREACHABLE_CODE = YES;
				CLANG_WARN__DUPLICATE_METHOD_MATCH = YES;
				COPY_PHASE_STRIP = NO;
				DEBUG_INFORMATION_FORMAT = dwarf;
				ENABLE_STRICT_OBJC_MSGSEND = YES;
				ENABLE_TESTABILITY = YES;
				GCC_C_LANGUAGE_STANDARD = gnu11;
				GCC_DYNAMIC_NO_PIC = NO;
				GCC_NO_COMMON_BLOCKS = YES;
				GCC_OPTIMIZATION_LEVEL = 0;
				GCC_PREPROCESSOR_DEFINITIONS = (
					"DEBUG=1",
					"$(inherited)",
				);
				GCC_WARN_64_TO_32_BIT_CONVERSION = YES;
				GCC_WARN_ABOUT_RETURN_TYPE = YES_ERROR;
				GCC_WARN_UNDECLARED_SELECTOR = YES;
				GCC_WARN_UNINITIALIZED_AUTOS = YES_AGGRESSIVE;
				GCC_WARN_UNUSED_FUNCTION = YES;
				GCC_WARN_UNUSED_VARIABLE = YES;
				IPHONEOS_DEPLOYMENT_TARGET = 13.4;
				MTL_ENABLE_DEBUG_INFO = INCLUDE_SOURCE;
				MTL_FAST_MATH = YES;
				ONLY_ACTIVE_ARCH = YES;
				SDKROOT = iphoneos;
				SWIFT_ACTIVE_COMPILATION_CONDITIONS = DEBUG;
				SWIFT_OPTIMIZATION_LEVEL = "-Onone";
			};
			name = Debug;
		};
		9E182DAD26503E8300069E6E /* Release */ = {
			isa = XCBuildConfiguration;
			buildSettings = {
				ALWAYS_SEARCH_USER_PATHS = NO;
				CLANG_ANALYZER_LOCALIZABILITY_NONLOCALIZED = YES;
				CLANG_ANALYZER_NONNULL = YES;
				CLANG_ANALYZER_NUMBER_OBJECT_CONVERSION = YES_AGGRESSIVE;
				CLANG_CXX_LANGUAGE_STANDARD = "gnu++14";
				CLANG_CXX_LIBRARY = "libc++";
				CLANG_ENABLE_MODULES = YES;
				CLANG_ENABLE_OBJC_ARC = YES;
				CLANG_ENABLE_OBJC_WEAK = YES;
				CLANG_WARN_BLOCK_CAPTURE_AUTORELEASING = YES;
				CLANG_WARN_BOOL_CONVERSION = YES;
				CLANG_WARN_COMMA = YES;
				CLANG_WARN_CONSTANT_CONVERSION = YES;
				CLANG_WARN_DEPRECATED_OBJC_IMPLEMENTATIONS = YES;
				CLANG_WARN_DIRECT_OBJC_ISA_USAGE = YES_ERROR;
				CLANG_WARN_DOCUMENTATION_COMMENTS = YES;
				CLANG_WARN_EMPTY_BODY = YES;
				CLANG_WARN_ENUM_CONVERSION = YES;
				CLANG_WARN_INFINITE_RECURSION = YES;
				CLANG_WARN_INT_CONVERSION = YES;
				CLANG_WARN_NON_LITERAL_NULL_CONVERSION = YES;
				CLANG_WARN_OBJC_IMPLICIT_RETAIN_SELF = YES;
				CLANG_WARN_OBJC_LITERAL_CONVERSION = YES;
				CLANG_WARN_OBJC_ROOT_CLASS = YES_ERROR;
				CLANG_WARN_RANGE_LOOP_ANALYSIS = YES;
				CLANG_WARN_STRICT_PROTOTYPES = YES;
				CLANG_WARN_SUSPICIOUS_MOVE = YES;
				CLANG_WARN_UNGUARDED_AVAILABILITY = YES_AGGRESSIVE;
				CLANG_WARN_UNREACHABLE_CODE = YES;
				CLANG_WARN__DUPLICATE_METHOD_MATCH = YES;
				COPY_PHASE_STRIP = NO;
				DEBUG_INFORMATION_FORMAT = "dwarf-with-dsym";
				ENABLE_NS_ASSERTIONS = NO;
				ENABLE_STRICT_OBJC_MSGSEND = YES;
				GCC_C_LANGUAGE_STANDARD = gnu11;
				GCC_NO_COMMON_BLOCKS = YES;
				GCC_WARN_64_TO_32_BIT_CONVERSION = YES;
				GCC_WARN_ABOUT_RETURN_TYPE = YES_ERROR;
				GCC_WARN_UNDECLARED_SELECTOR = YES;
				GCC_WARN_UNINITIALIZED_AUTOS = YES_AGGRESSIVE;
				GCC_WARN_UNUSED_FUNCTION = YES;
				GCC_WARN_UNUSED_VARIABLE = YES;
				IPHONEOS_DEPLOYMENT_TARGET = 13.4;
				MTL_ENABLE_DEBUG_INFO = NO;
				MTL_FAST_MATH = YES;
				SDKROOT = iphoneos;
				SWIFT_COMPILATION_MODE = wholemodule;
				SWIFT_OPTIMIZATION_LEVEL = "-O";
				VALIDATE_PRODUCT = YES;
			};
			name = Release;
		};
		9E182DAF26503E8300069E6E /* Debug */ = {
			isa = XCBuildConfiguration;
			baseConfigurationReference = A3CABA92B1A37A7896D62DF3 /* Pods-Shopy.debug.xcconfig */;
			buildSettings = {
				ASSETCATALOG_COMPILER_APPICON_NAME = AppIcon;
				CODE_SIGN_STYLE = Automatic;
				INFOPLIST_FILE = Shopy/configuration/Info.plist;
				LD_RUNPATH_SEARCH_PATHS = (
					"$(inherited)",
					"@executable_path/Frameworks",
				);
				PRODUCT_BUNDLE_IDENTIFIER = com.iti.Shopy;
				PRODUCT_NAME = "$(TARGET_NAME)";
				SWIFT_VERSION = 5.0;
				TARGETED_DEVICE_FAMILY = "1,2";
			};
			name = Debug;
		};
		9E182DB026503E8300069E6E /* Release */ = {
			isa = XCBuildConfiguration;
			baseConfigurationReference = 4920382F047EDE4839325372 /* Pods-Shopy.release.xcconfig */;
			buildSettings = {
				ASSETCATALOG_COMPILER_APPICON_NAME = AppIcon;
				CODE_SIGN_STYLE = Automatic;
				INFOPLIST_FILE = Shopy/configuration/Info.plist;
				LD_RUNPATH_SEARCH_PATHS = (
					"$(inherited)",
					"@executable_path/Frameworks",
				);
				PRODUCT_BUNDLE_IDENTIFIER = com.iti.Shopy;
				PRODUCT_NAME = "$(TARGET_NAME)";
				SWIFT_VERSION = 5.0;
				TARGETED_DEVICE_FAMILY = "1,2";
			};
			name = Release;
		};
		9E182DB226503E8300069E6E /* Debug */ = {
			isa = XCBuildConfiguration;
			baseConfigurationReference = 0B13707064EE8F01FB88405D /* Pods-ShopyTests.debug.xcconfig */;
			buildSettings = {
				ALWAYS_EMBED_SWIFT_STANDARD_LIBRARIES = YES;
				BUNDLE_LOADER = "$(TEST_HOST)";
				CODE_SIGN_STYLE = Automatic;
				INFOPLIST_FILE = ShopyTests/Info.plist;
				IPHONEOS_DEPLOYMENT_TARGET = 13.4;
				LD_RUNPATH_SEARCH_PATHS = (
					"$(inherited)",
					"@executable_path/Frameworks",
					"@loader_path/Frameworks",
				);
				PRODUCT_BUNDLE_IDENTIFIER = iti.ShopyTests;
				PRODUCT_NAME = "$(TARGET_NAME)";
				SWIFT_VERSION = 5.0;
				TARGETED_DEVICE_FAMILY = "1,2";
				TEST_HOST = "$(BUILT_PRODUCTS_DIR)/Shopy.app/Shopy";
			};
			name = Debug;
		};
		9E182DB326503E8300069E6E /* Release */ = {
			isa = XCBuildConfiguration;
			baseConfigurationReference = 552882C4F227945A1C41820E /* Pods-ShopyTests.release.xcconfig */;
			buildSettings = {
				ALWAYS_EMBED_SWIFT_STANDARD_LIBRARIES = YES;
				BUNDLE_LOADER = "$(TEST_HOST)";
				CODE_SIGN_STYLE = Automatic;
				INFOPLIST_FILE = ShopyTests/Info.plist;
				IPHONEOS_DEPLOYMENT_TARGET = 13.4;
				LD_RUNPATH_SEARCH_PATHS = (
					"$(inherited)",
					"@executable_path/Frameworks",
					"@loader_path/Frameworks",
				);
				PRODUCT_BUNDLE_IDENTIFIER = iti.ShopyTests;
				PRODUCT_NAME = "$(TARGET_NAME)";
				SWIFT_VERSION = 5.0;
				TARGETED_DEVICE_FAMILY = "1,2";
				TEST_HOST = "$(BUILT_PRODUCTS_DIR)/Shopy.app/Shopy";
			};
			name = Release;
		};
		9E182DB526503E8300069E6E /* Debug */ = {
			isa = XCBuildConfiguration;
			baseConfigurationReference = EC60D919DA0F486F083773E9 /* Pods-Shopy-ShopyUITests.debug.xcconfig */;
			buildSettings = {
				ALWAYS_EMBED_SWIFT_STANDARD_LIBRARIES = YES;
				CODE_SIGN_STYLE = Automatic;
				INFOPLIST_FILE = ShopyUITests/Info.plist;
				LD_RUNPATH_SEARCH_PATHS = (
					"$(inherited)",
					"@executable_path/Frameworks",
					"@loader_path/Frameworks",
				);
				PRODUCT_BUNDLE_IDENTIFIER = iti.ShopyUITests;
				PRODUCT_NAME = "$(TARGET_NAME)";
				SWIFT_VERSION = 5.0;
				TARGETED_DEVICE_FAMILY = "1,2";
				TEST_TARGET_NAME = Shopy;
			};
			name = Debug;
		};
		9E182DB626503E8300069E6E /* Release */ = {
			isa = XCBuildConfiguration;
			baseConfigurationReference = B42953B933926FFD4773FB7A /* Pods-Shopy-ShopyUITests.release.xcconfig */;
			buildSettings = {
				ALWAYS_EMBED_SWIFT_STANDARD_LIBRARIES = YES;
				CODE_SIGN_STYLE = Automatic;
				INFOPLIST_FILE = ShopyUITests/Info.plist;
				LD_RUNPATH_SEARCH_PATHS = (
					"$(inherited)",
					"@executable_path/Frameworks",
					"@loader_path/Frameworks",
				);
				PRODUCT_BUNDLE_IDENTIFIER = iti.ShopyUITests;
				PRODUCT_NAME = "$(TARGET_NAME)";
				SWIFT_VERSION = 5.0;
				TARGETED_DEVICE_FAMILY = "1,2";
				TEST_TARGET_NAME = Shopy;
			};
			name = Release;
		};
/* End XCBuildConfiguration section */

/* Begin XCConfigurationList section */
		9E182D7C26503E8000069E6E /* Build configuration list for PBXProject "Shopy" */ = {
			isa = XCConfigurationList;
			buildConfigurations = (
				9E182DAC26503E8300069E6E /* Debug */,
				9E182DAD26503E8300069E6E /* Release */,
			);
			defaultConfigurationIsVisible = 0;
			defaultConfigurationName = Release;
		};
		9E182DAE26503E8300069E6E /* Build configuration list for PBXNativeTarget "Shopy" */ = {
			isa = XCConfigurationList;
			buildConfigurations = (
				9E182DAF26503E8300069E6E /* Debug */,
				9E182DB026503E8300069E6E /* Release */,
			);
			defaultConfigurationIsVisible = 0;
			defaultConfigurationName = Release;
		};
		9E182DB126503E8300069E6E /* Build configuration list for PBXNativeTarget "ShopyTests" */ = {
			isa = XCConfigurationList;
			buildConfigurations = (
				9E182DB226503E8300069E6E /* Debug */,
				9E182DB326503E8300069E6E /* Release */,
			);
			defaultConfigurationIsVisible = 0;
			defaultConfigurationName = Release;
		};
		9E182DB426503E8300069E6E /* Build configuration list for PBXNativeTarget "ShopyUITests" */ = {
			isa = XCConfigurationList;
			buildConfigurations = (
				9E182DB526503E8300069E6E /* Debug */,
				9E182DB626503E8300069E6E /* Release */,
			);
			defaultConfigurationIsVisible = 0;
			defaultConfigurationName = Release;
		};
/* End XCConfigurationList section */

/* Begin XCVersionGroup section */
		9E182D8D26503E8100069E6E /* Shopy.xcdatamodeld */ = {
			isa = XCVersionGroup;
			children = (
				9E182D8E26503E8100069E6E /* Shopy.xcdatamodel */,
			);
			currentVersion = 9E182D8E26503E8100069E6E /* Shopy.xcdatamodel */;
			path = Shopy.xcdatamodeld;
			sourceTree = "<group>";
			versionGroupType = wrapper.xcdatamodel;
		};
/* End XCVersionGroup section */
	};
	rootObject = 9E182D7926503E8000069E6E /* Project object */;
}
